// !$*UTF8*$!
{
	archiveVersion = 1;
	classes = {
	};
	objectVersion = 54;
	objects = {

/* Begin PBXBuildFile section */
		8F0AA8E627E8BD12007361B5 /* libtar_listhash.h in Headers */ = {isa = PBXBuildFile; fileRef = 8F40288427CBEEFB0095D637 /* libtar_listhash.h */; };
		8F0AA8E727E8BD19007361B5 /* libtar.h in Headers */ = {isa = PBXBuildFile; fileRef = 8F40288527CBEEFB0095D637 /* libtar.h */; };
		8F40284E27C94E1A0095D637 /* libiconv.2.4.0.tbd in Frameworks */ = {isa = PBXBuildFile; fileRef = 8F40284D27C94E1A0095D637 /* libiconv.2.4.0.tbd */; };
		8F40285827C974670095D637 /* MCXInstaller.m in Sources */ = {isa = PBXBuildFile; fileRef = 8F40285527C9743E0095D637 /* MCXInstaller.m */; };
		8F82233627E0B3F6006FE332 /* libtarbz2.a in Frameworks */ = {isa = PBXBuildFile; fileRef = 8F82233527E0B3F6006FE332 /* libtarbz2.a */; };
		8F82234727E2281F006FE332 /* libxcb-all.a in Frameworks */ = {isa = PBXBuildFile; fileRef = 8F82234627E2281E006FE332 /* libxcb-all.a */; };
		8F82234B27E22F38006FE332 /* libz.a in Frameworks */ = {isa = PBXBuildFile; fileRef = 8F82234A27E22F37006FE332 /* libz.a */; };
		8F82234D27E23A9A006FE332 /* libmetal.a in Frameworks */ = {isa = PBXBuildFile; fileRef = 8F82234C27E23A9A006FE332 /* libmetal.a */; };
		8F82234F27E25232006FE332 /* libx264.a in Frameworks */ = {isa = PBXBuildFile; fileRef = 8F82234E27E25232006FE332 /* libx264.a */; };
		8F82235327E25DFA006FE332 /* libXdmcp.a in Frameworks */ = {isa = PBXBuildFile; fileRef = 8F82235227E25DFA006FE332 /* libXdmcp.a */; };
		8F82235527E265A3006FE332 /* libopenjp2.a in Frameworks */ = {isa = PBXBuildFile; fileRef = 8F82235427E265A3006FE332 /* libopenjp2.a */; };
		8F82235727E27A31006FE332 /* libX11.a in Frameworks */ = {isa = PBXBuildFile; fileRef = 8F82235627E27A31006FE332 /* libX11.a */; };
		8F82235927E27BD3006FE332 /* libvpx.a in Frameworks */ = {isa = PBXBuildFile; fileRef = 8F82235827E27BD3006FE332 /* libvpx.a */; };
		8F82235B27E27D6F006FE332 /* libspeex.a in Frameworks */ = {isa = PBXBuildFile; fileRef = 8F82235A27E27D6F006FE332 /* libspeex.a */; };
		8F826EB327D686400050533D /* metal_patch.c in Sources */ = {isa = PBXBuildFile; fileRef = 8F826EA727D6157C0050533D /* metal_patch.c */; };
		8FA0E80C27E505C9008FAC71 /* libcrypto.a in Frameworks */ = {isa = PBXBuildFile; fileRef = 8FA0E80A27E505C9008FAC71 /* libcrypto.a */; };
		8FA0E80D27E505C9008FAC71 /* libssl.a in Frameworks */ = {isa = PBXBuildFile; fileRef = 8FA0E80B27E505C9008FAC71 /* libssl.a */; };
		8FA0E81227E6127B008FAC71 /* libXau.a in Frameworks */ = {isa = PBXBuildFile; fileRef = 8FA0E81127E6127B008FAC71 /* libXau.a */; };
		8FDBB9EA27F4FBAA0058E8EA /* libogg.a in Frameworks */ = {isa = PBXBuildFile; fileRef = 8FDBB9E927F4FBAA0058E8EA /* libogg.a */; };
		8FE849EA28076EDA005D127E /* XcodeEditor.framework in Frameworks */ = {isa = PBXBuildFile; fileRef = 8FE849E928076EDA005D127E /* XcodeEditor.framework */; };
		8FE849EB28076EDA005D127E /* XcodeEditor.framework in Embed Frameworks */ = {isa = PBXBuildFile; fileRef = 8FE849E928076EDA005D127E /* XcodeEditor.framework */; settings = {ATTRIBUTES = (CodeSignOnCopy, RemoveHeadersOnCopy, ); }; };
		8FF61CB927EE521900516C4B /* opj_config.h in Headers */ = {isa = PBXBuildFile; fileRef = 8FF61CB627EE520C00516C4B /* opj_config.h */; };
		8FF61CBA27EE521900516C4B /* opj_stdint.h in Headers */ = {isa = PBXBuildFile; fileRef = 8FF61CB827EE520D00516C4B /* opj_stdint.h */; };
		8FF61CBB27EE521900516C4B /* openjpeg.h in Headers */ = {isa = PBXBuildFile; fileRef = 8FF61CB727EE520D00516C4B /* openjpeg.h */; };
		8FF6E4F127DA0D1200F4BA9F /* main.pch in Headers */ = {isa = PBXBuildFile; fileRef = 9CD552C52193389B0075012A /* main.pch */; };
		8FF7AF0727EE5AAF006F8E38 /* libvorbis.a in Frameworks */ = {isa = PBXBuildFile; fileRef = 8FF7AF0327EE5A75006F8E38 /* libvorbis.a */; };
		8FF7B5CF27F20E6F006F8E38 /* libtarbz2.a in Frameworks */ = {isa = PBXBuildFile; fileRef = 8F82233527E0B3F6006FE332 /* libtarbz2.a */; };
		8FF7B5D527F223A3006F8E38 /* libSDL2.a in Frameworks */ = {isa = PBXBuildFile; fileRef = 8FF7B5D427F223A2006F8E38 /* libSDL2.a */; };
		8FF7B5DB27F4BD4C006F8E38 /* libopenssl.a in Frameworks */ = {isa = PBXBuildFile; fileRef = 8FF7B5D927F4BD4C006F8E38 /* libopenssl.a */; };
		9C993F932193DB20003761DB /* main.m in Sources */ = {isa = PBXBuildFile; fileRef = 9C993F922193DB20003761DB /* main.m */; };
/* End PBXBuildFile section */

/* Begin PBXCopyFilesBuildPhase section */
		8FF7AF1427EE5C67006F8E38 /* Embed Frameworks */ = {
			isa = PBXCopyFilesBuildPhase;
			buildActionMask = 12;
			dstPath = "";
			dstSubfolderSpec = 10;
			files = (
				8FE849EB28076EDA005D127E /* XcodeEditor.framework in Embed Frameworks */,
			);
			name = "Embed Frameworks";
			runOnlyForDeploymentPostprocessing = 0;
		};
		9C993F7E2193DAD0003761DB /* CopyFiles */ = {
			isa = PBXCopyFilesBuildPhase;
			buildActionMask = 12;
			dstPath = "";
			dstSubfolderSpec = 16;
			files = (
			);
			runOnlyForDeploymentPostprocessing = 0;
		};
/* End PBXCopyFilesBuildPhase section */

/* Begin PBXFileReference section */
		8F40284D27C94E1A0095D637 /* libiconv.2.4.0.tbd */ = {isa = PBXFileReference; lastKnownFileType = "sourcecode.text-based-dylib-definition"; name = libiconv.2.4.0.tbd; path = usr/lib/libiconv.2.4.0.tbd; sourceTree = SDKROOT; };
		8F40285527C9743E0095D637 /* MCXInstaller.m */ = {isa = PBXFileReference; lastKnownFileType = sourcecode.c.objc; path = MCXInstaller.m; sourceTree = "<group>"; };
		8F40285727C974610095D637 /* MCXInstaller.h */ = {isa = PBXFileReference; lastKnownFileType = sourcecode.c.h; path = MCXInstaller.h; sourceTree = "<group>"; };
		8F40288227CBEEFB0095D637 /* bzlib.h */ = {isa = PBXFileReference; fileEncoding = 4; lastKnownFileType = sourcecode.c.h; path = bzlib.h; sourceTree = "<group>"; };
		8F40288427CBEEFB0095D637 /* libtar_listhash.h */ = {isa = PBXFileReference; fileEncoding = 4; lastKnownFileType = sourcecode.c.h; path = libtar_listhash.h; sourceTree = "<group>"; };
		8F40288527CBEEFB0095D637 /* libtar.h */ = {isa = PBXFileReference; fileEncoding = 4; lastKnownFileType = sourcecode.c.h; path = libtar.h; sourceTree = "<group>"; };
		8F82233527E0B3F6006FE332 /* libtarbz2.a */ = {isa = PBXFileReference; lastKnownFileType = archive.ar; name = libtarbz2.a; path = libs/libtarbz2.a; sourceTree = "<group>"; };
		8F82234627E2281E006FE332 /* libxcb-all.a */ = {isa = PBXFileReference; lastKnownFileType = archive.ar; name = "libxcb-all.a"; path = "libs/libxcb-all.a"; sourceTree = "<group>"; };
		8F82234A27E22F37006FE332 /* libz.a */ = {isa = PBXFileReference; lastKnownFileType = archive.ar; name = libz.a; path = libs/libz.a; sourceTree = "<group>"; };
		8F82234C27E23A9A006FE332 /* libmetal.a */ = {isa = PBXFileReference; lastKnownFileType = archive.ar; name = libmetal.a; path = libs/libmetal.a; sourceTree = "<group>"; };
		8F82234E27E25232006FE332 /* libx264.a */ = {isa = PBXFileReference; lastKnownFileType = archive.ar; name = libx264.a; path = libs/libx264.a; sourceTree = "<group>"; };
		8F82235227E25DFA006FE332 /* libXdmcp.a */ = {isa = PBXFileReference; lastKnownFileType = archive.ar; name = libXdmcp.a; path = libs/libXdmcp.a; sourceTree = "<group>"; };
		8F82235427E265A3006FE332 /* libopenjp2.a */ = {isa = PBXFileReference; lastKnownFileType = archive.ar; name = libopenjp2.a; path = libs/libopenjp2.a; sourceTree = "<group>"; };
		8F82235627E27A31006FE332 /* libX11.a */ = {isa = PBXFileReference; lastKnownFileType = archive.ar; name = libX11.a; path = libs/libX11.a; sourceTree = "<group>"; };
		8F82235827E27BD3006FE332 /* libvpx.a */ = {isa = PBXFileReference; lastKnownFileType = archive.ar; name = libvpx.a; path = libs/libvpx.a; sourceTree = "<group>"; };
		8F82235A27E27D6F006FE332 /* libspeex.a */ = {isa = PBXFileReference; lastKnownFileType = archive.ar; name = libspeex.a; path = libs/libspeex.a; sourceTree = "<group>"; };
		8F826EA727D6157C0050533D /* metal_patch.c */ = {isa = PBXFileReference; lastKnownFileType = sourcecode.c.c; path = metal_patch.c; sourceTree = "<group>"; };
		8F826EAD27D61FA40050533D /* buildFFmpegLib.scpt */ = {isa = PBXFileReference; lastKnownFileType = file; path = buildFFmpegLib.scpt; sourceTree = "<group>"; };
		8FA0E80A27E505C9008FAC71 /* libcrypto.a */ = {isa = PBXFileReference; lastKnownFileType = archive.ar; name = libcrypto.a; path = libs/libcrypto.a; sourceTree = "<group>"; };
		8FA0E80B27E505C9008FAC71 /* libssl.a */ = {isa = PBXFileReference; lastKnownFileType = archive.ar; name = libssl.a; path = libs/libssl.a; sourceTree = "<group>"; };
		8FA0E81127E6127B008FAC71 /* libXau.a */ = {isa = PBXFileReference; lastKnownFileType = archive.ar; name = libXau.a; path = libs/libXau.a; sourceTree = "<group>"; };
		8FDBB9E927F4FBAA0058E8EA /* libogg.a */ = {isa = PBXFileReference; lastKnownFileType = archive.ar; name = libogg.a; path = libs/libogg.a; sourceTree = "<group>"; };
		8FE849E928076EDA005D127E /* XcodeEditor.framework */ = {isa = PBXFileReference; lastKnownFileType = wrapper.framework; path = XcodeEditor.framework; sourceTree = "<group>"; };
		8FEF098627D95F1E00DC1E5F /* ogg.h */ = {isa = PBXFileReference; lastKnownFileType = sourcecode.c.h; path = ogg.h; sourceTree = "<group>"; };
		8FEF098727D95F1E00DC1E5F /* config_types.h */ = {isa = PBXFileReference; lastKnownFileType = sourcecode.c.h; path = config_types.h; sourceTree = "<group>"; };
		8FEF098827D95F1E00DC1E5F /* os_types.h */ = {isa = PBXFileReference; lastKnownFileType = sourcecode.c.h; path = os_types.h; sourceTree = "<group>"; };
		8FEF098A27D95F1E00DC1E5F /* vpx_image.h */ = {isa = PBXFileReference; lastKnownFileType = sourcecode.c.h; path = vpx_image.h; sourceTree = "<group>"; };
		8FEF098B27D95F1E00DC1E5F /* vpx_encoder.h */ = {isa = PBXFileReference; lastKnownFileType = sourcecode.c.h; path = vpx_encoder.h; sourceTree = "<group>"; };
		8FEF098C27D95F1E00DC1E5F /* vp8cx.h */ = {isa = PBXFileReference; lastKnownFileType = sourcecode.c.h; path = vp8cx.h; sourceTree = "<group>"; };
		8FEF098D27D95F1E00DC1E5F /* vpx_integer.h */ = {isa = PBXFileReference; lastKnownFileType = sourcecode.c.h; path = vpx_integer.h; sourceTree = "<group>"; };
		8FEF098E27D95F1E00DC1E5F /* vpx_codec.h */ = {isa = PBXFileReference; lastKnownFileType = sourcecode.c.h; path = vpx_codec.h; sourceTree = "<group>"; };
		8FEF098F27D95F1E00DC1E5F /* vp8.h */ = {isa = PBXFileReference; lastKnownFileType = sourcecode.c.h; path = vp8.h; sourceTree = "<group>"; };
		8FEF099027D95F1E00DC1E5F /* vp8dx.h */ = {isa = PBXFileReference; lastKnownFileType = sourcecode.c.h; path = vp8dx.h; sourceTree = "<group>"; };
		8FEF099127D95F1E00DC1E5F /* vpx_ext_ratectrl.h */ = {isa = PBXFileReference; lastKnownFileType = sourcecode.c.h; path = vpx_ext_ratectrl.h; sourceTree = "<group>"; };
		8FEF099227D95F1E00DC1E5F /* vpx_decoder.h */ = {isa = PBXFileReference; lastKnownFileType = sourcecode.c.h; path = vpx_decoder.h; sourceTree = "<group>"; };
		8FEF099327D95F1E00DC1E5F /* vpx_frame_buffer.h */ = {isa = PBXFileReference; lastKnownFileType = sourcecode.c.h; path = vpx_frame_buffer.h; sourceTree = "<group>"; };
		8FEF099527D95F1E00DC1E5F /* speex_config_types.h */ = {isa = PBXFileReference; lastKnownFileType = sourcecode.c.h; path = speex_config_types.h; sourceTree = "<group>"; };
		8FEF099627D95F1E00DC1E5F /* speex_header.h */ = {isa = PBXFileReference; lastKnownFileType = sourcecode.c.h; path = speex_header.h; sourceTree = "<group>"; };
		8FEF099727D95F1E00DC1E5F /* speex_stereo.h */ = {isa = PBXFileReference; lastKnownFileType = sourcecode.c.h; path = speex_stereo.h; sourceTree = "<group>"; };
		8FEF099827D95F1E00DC1E5F /* speex.h */ = {isa = PBXFileReference; lastKnownFileType = sourcecode.c.h; path = speex.h; sourceTree = "<group>"; };
		8FEF099927D95F1E00DC1E5F /* speex_types.h */ = {isa = PBXFileReference; lastKnownFileType = sourcecode.c.h; path = speex_types.h; sourceTree = "<group>"; };
		8FEF099A27D95F1E00DC1E5F /* speex_bits.h */ = {isa = PBXFileReference; lastKnownFileType = sourcecode.c.h; path = speex_bits.h; sourceTree = "<group>"; };
		8FEF099B27D95F1E00DC1E5F /* speex_callbacks.h */ = {isa = PBXFileReference; lastKnownFileType = sourcecode.c.h; path = speex_callbacks.h; sourceTree = "<group>"; };
		8FEF099D27D95F1E00DC1E5F /* composite.h */ = {isa = PBXFileReference; lastKnownFileType = sourcecode.c.h; path = composite.h; sourceTree = "<group>"; };
		8FEF099E27D95F1E00DC1E5F /* randr.h */ = {isa = PBXFileReference; lastKnownFileType = sourcecode.c.h; path = randr.h; sourceTree = "<group>"; };
		8FEF099F27D95F1E00DC1E5F /* damage.h */ = {isa = PBXFileReference; lastKnownFileType = sourcecode.c.h; path = damage.h; sourceTree = "<group>"; };
		8FEF09A027D95F1E00DC1E5F /* xf86dri.h */ = {isa = PBXFileReference; lastKnownFileType = sourcecode.c.h; path = xf86dri.h; sourceTree = "<group>"; };
		8FEF09A127D95F1E00DC1E5F /* dri2.h */ = {isa = PBXFileReference; lastKnownFileType = sourcecode.c.h; path = dri2.h; sourceTree = "<group>"; };
		8FEF09A227D95F1E00DC1E5F /* xcbext.h */ = {isa = PBXFileReference; lastKnownFileType = sourcecode.c.h; path = xcbext.h; sourceTree = "<group>"; };
		8FEF09A327D95F1E00DC1E5F /* sync.h */ = {isa = PBXFileReference; lastKnownFileType = sourcecode.c.h; path = sync.h; sourceTree = "<group>"; };
		8FEF09A427D95F1E00DC1E5F /* xkb.h */ = {isa = PBXFileReference; lastKnownFileType = sourcecode.c.h; path = xkb.h; sourceTree = "<group>"; };
		8FEF09A527D95F1E00DC1E5F /* xselinux.h */ = {isa = PBXFileReference; lastKnownFileType = sourcecode.c.h; path = xselinux.h; sourceTree = "<group>"; };
		8FEF09A627D95F1E00DC1E5F /* xvmc.h */ = {isa = PBXFileReference; lastKnownFileType = sourcecode.c.h; path = xvmc.h; sourceTree = "<group>"; };
		8FEF09A727D95F1E00DC1E5F /* xinput.h */ = {isa = PBXFileReference; lastKnownFileType = sourcecode.c.h; path = xinput.h; sourceTree = "<group>"; };
		8FEF09A827D95F1E00DC1E5F /* record.h */ = {isa = PBXFileReference; lastKnownFileType = sourcecode.c.h; path = record.h; sourceTree = "<group>"; };
		8FEF09A927D95F1E00DC1E5F /* shape.h */ = {isa = PBXFileReference; lastKnownFileType = sourcecode.c.h; path = shape.h; sourceTree = "<group>"; };
		8FEF09AA27D95F1E00DC1E5F /* xinerama.h */ = {isa = PBXFileReference; lastKnownFileType = sourcecode.c.h; path = xinerama.h; sourceTree = "<group>"; };
		8FEF09AB27D95F1E00DC1E5F /* xproto.h */ = {isa = PBXFileReference; lastKnownFileType = sourcecode.c.h; path = xproto.h; sourceTree = "<group>"; };
		8FEF09AC27D95F1E00DC1E5F /* dpms.h */ = {isa = PBXFileReference; lastKnownFileType = sourcecode.c.h; path = dpms.h; sourceTree = "<group>"; };
		8FEF09AD27D95F1E00DC1E5F /* xc_misc.h */ = {isa = PBXFileReference; lastKnownFileType = sourcecode.c.h; path = xc_misc.h; sourceTree = "<group>"; };
		8FEF09AE27D95F1E00DC1E5F /* xfixes.h */ = {isa = PBXFileReference; lastKnownFileType = sourcecode.c.h; path = xfixes.h; sourceTree = "<group>"; };
		8FEF09AF27D95F1E00DC1E5F /* bigreq.h */ = {isa = PBXFileReference; lastKnownFileType = sourcecode.c.h; path = bigreq.h; sourceTree = "<group>"; };
		8FEF09B027D95F1E00DC1E5F /* res.h */ = {isa = PBXFileReference; lastKnownFileType = sourcecode.c.h; path = res.h; sourceTree = "<group>"; };
		8FEF09B127D95F1E00DC1E5F /* shm.h */ = {isa = PBXFileReference; lastKnownFileType = sourcecode.c.h; path = shm.h; sourceTree = "<group>"; };
		8FEF09B227D95F1E00DC1E5F /* screensaver.h */ = {isa = PBXFileReference; lastKnownFileType = sourcecode.c.h; path = screensaver.h; sourceTree = "<group>"; };
		8FEF09B327D95F1E00DC1E5F /* present.h */ = {isa = PBXFileReference; lastKnownFileType = sourcecode.c.h; path = present.h; sourceTree = "<group>"; };
		8FEF09B427D95F1E00DC1E5F /* xcb.h */ = {isa = PBXFileReference; lastKnownFileType = sourcecode.c.h; path = xcb.h; sourceTree = "<group>"; };
		8FEF09B527D95F1E00DC1E5F /* glx.h */ = {isa = PBXFileReference; lastKnownFileType = sourcecode.c.h; path = glx.h; sourceTree = "<group>"; };
		8FEF09B627D95F1E00DC1E5F /* xv.h */ = {isa = PBXFileReference; lastKnownFileType = sourcecode.c.h; path = xv.h; sourceTree = "<group>"; };
		8FEF09B727D95F1E00DC1E5F /* dri3.h */ = {isa = PBXFileReference; lastKnownFileType = sourcecode.c.h; path = dri3.h; sourceTree = "<group>"; };
		8FEF09B827D95F1E00DC1E5F /* xprint.h */ = {isa = PBXFileReference; lastKnownFileType = sourcecode.c.h; path = xprint.h; sourceTree = "<group>"; };
		8FEF09B927D95F1E00DC1E5F /* xevie.h */ = {isa = PBXFileReference; lastKnownFileType = sourcecode.c.h; path = xevie.h; sourceTree = "<group>"; };
		8FEF09BA27D95F1E00DC1E5F /* ge.h */ = {isa = PBXFileReference; lastKnownFileType = sourcecode.c.h; path = ge.h; sourceTree = "<group>"; };
		8FEF09BB27D95F1E00DC1E5F /* render.h */ = {isa = PBXFileReference; lastKnownFileType = sourcecode.c.h; path = render.h; sourceTree = "<group>"; };
		8FEF09BC27D95F1E00DC1E5F /* xtest.h */ = {isa = PBXFileReference; lastKnownFileType = sourcecode.c.h; path = xtest.h; sourceTree = "<group>"; };
		8FEF09BE27D95F1E00DC1E5F /* vorbisfile.h */ = {isa = PBXFileReference; lastKnownFileType = sourcecode.c.h; path = vorbisfile.h; sourceTree = "<group>"; };
		8FEF09BF27D95F1E00DC1E5F /* codec.h */ = {isa = PBXFileReference; lastKnownFileType = sourcecode.c.h; path = codec.h; sourceTree = "<group>"; };
		8FEF09C027D95F1E00DC1E5F /* vorbisenc.h */ = {isa = PBXFileReference; lastKnownFileType = sourcecode.c.h; path = vorbisenc.h; sourceTree = "<group>"; };
		8FF61CB627EE520C00516C4B /* opj_config.h */ = {isa = PBXFileReference; lastKnownFileType = sourcecode.c.h; path = opj_config.h; sourceTree = "<group>"; };
		8FF61CB727EE520D00516C4B /* openjpeg.h */ = {isa = PBXFileReference; lastKnownFileType = sourcecode.c.h; path = openjpeg.h; sourceTree = "<group>"; };
		8FF61CB827EE520D00516C4B /* opj_stdint.h */ = {isa = PBXFileReference; lastKnownFileType = sourcecode.c.h; path = opj_stdint.h; sourceTree = "<group>"; };
		8FF6E26427D93F8200F4BA9F /* pem2.h */ = {isa = PBXFileReference; lastKnownFileType = sourcecode.c.h; path = pem2.h; sourceTree = "<group>"; };
		8FF6E26527D93F8200F4BA9F /* kdf.h */ = {isa = PBXFileReference; lastKnownFileType = sourcecode.c.h; path = kdf.h; sourceTree = "<group>"; };
		8FF6E26627D93F8200F4BA9F /* pem.h */ = {isa = PBXFileReference; lastKnownFileType = sourcecode.c.h; path = pem.h; sourceTree = "<group>"; };
		8FF6E26727D93F8200F4BA9F /* asyncerr.h */ = {isa = PBXFileReference; lastKnownFileType = sourcecode.c.h; path = asyncerr.h; sourceTree = "<group>"; };
		8FF6E26827D93F8200F4BA9F /* md2.h */ = {isa = PBXFileReference; lastKnownFileType = sourcecode.c.h; path = md2.h; sourceTree = "<group>"; };
		8FF6E26927D93F8200F4BA9F /* ssl3.h */ = {isa = PBXFileReference; lastKnownFileType = sourcecode.c.h; path = ssl3.h; sourceTree = "<group>"; };
		8FF6E26A27D93F8200F4BA9F /* ossl_typ.h */ = {isa = PBXFileReference; lastKnownFileType = sourcecode.c.h; path = ossl_typ.h; sourceTree = "<group>"; };
		8FF6E26B27D93F8200F4BA9F /* dtls1.h */ = {isa = PBXFileReference; lastKnownFileType = sourcecode.c.h; path = dtls1.h; sourceTree = "<group>"; };
		8FF6E26C27D93F8200F4BA9F /* err.h */ = {isa = PBXFileReference; lastKnownFileType = sourcecode.c.h; path = err.h; sourceTree = "<group>"; };
		8FF6E26D27D93F8200F4BA9F /* bn.h */ = {isa = PBXFileReference; lastKnownFileType = sourcecode.c.h; path = bn.h; sourceTree = "<group>"; };
		8FF6E26E27D93F8200F4BA9F /* blowfish.h */ = {isa = PBXFileReference; lastKnownFileType = sourcecode.c.h; path = blowfish.h; sourceTree = "<group>"; };
		8FF6E26F27D93F8200F4BA9F /* cms.h */ = {isa = PBXFileReference; lastKnownFileType = sourcecode.c.h; path = cms.h; sourceTree = "<group>"; };
		8FF6E27027D93F8200F4BA9F /* engine.h */ = {isa = PBXFileReference; lastKnownFileType = sourcecode.c.h; path = engine.h; sourceTree = "<group>"; };
		8FF6E27127D93F8200F4BA9F /* conf_api.h */ = {isa = PBXFileReference; lastKnownFileType = sourcecode.c.h; path = conf_api.h; sourceTree = "<group>"; };
		8FF6E27227D93F8200F4BA9F /* esserr.h */ = {isa = PBXFileReference; lastKnownFileType = sourcecode.c.h; path = esserr.h; sourceTree = "<group>"; };
		8FF6E27327D93F8200F4BA9F /* core.h */ = {isa = PBXFileReference; lastKnownFileType = sourcecode.c.h; path = core.h; sourceTree = "<group>"; };
		8FF6E27427D93F8200F4BA9F /* x509.h */ = {isa = PBXFileReference; lastKnownFileType = sourcecode.c.h; path = x509.h; sourceTree = "<group>"; };
		8FF6E27527D93F8200F4BA9F /* asn1_mac.h */ = {isa = PBXFileReference; lastKnownFileType = sourcecode.c.h; path = asn1_mac.h; sourceTree = "<group>"; };
		8FF6E27627D93F8200F4BA9F /* objectserr.h */ = {isa = PBXFileReference; lastKnownFileType = sourcecode.c.h; path = objectserr.h; sourceTree = "<group>"; };
		8FF6E27727D93F8200F4BA9F /* params.h */ = {isa = PBXFileReference; lastKnownFileType = sourcecode.c.h; path = params.h; sourceTree = "<group>"; };
		8FF6E27827D93F8200F4BA9F /* cmserr.h */ = {isa = PBXFileReference; lastKnownFileType = sourcecode.c.h; path = cmserr.h; sourceTree = "<group>"; };
		8FF6E27927D93F8200F4BA9F /* http.h */ = {isa = PBXFileReference; lastKnownFileType = sourcecode.c.h; path = http.h; sourceTree = "<group>"; };
		8FF6E27A27D93F8200F4BA9F /* ui.h */ = {isa = PBXFileReference; lastKnownFileType = sourcecode.c.h; path = ui.h; sourceTree = "<group>"; };
		8FF6E27B27D93F8200F4BA9F /* sha.h */ = {isa = PBXFileReference; lastKnownFileType = sourcecode.c.h; path = sha.h; sourceTree = "<group>"; };
		8FF6E27C27D93F8200F4BA9F /* symhacks.h */ = {isa = PBXFileReference; lastKnownFileType = sourcecode.c.h; path = symhacks.h; sourceTree = "<group>"; };
		8FF6E27D27D93F8200F4BA9F /* asn1.h */ = {isa = PBXFileReference; lastKnownFileType = sourcecode.c.h; path = asn1.h; sourceTree = "<group>"; };
		8FF6E27E27D93F8200F4BA9F /* bioerr.h */ = {isa = PBXFileReference; lastKnownFileType = sourcecode.c.h; path = bioerr.h; sourceTree = "<group>"; };
		8FF6E27F27D93F8200F4BA9F /* opensslconf.h */ = {isa = PBXFileReference; lastKnownFileType = sourcecode.c.h; path = opensslconf.h; sourceTree = "<group>"; };
		8FF6E28027D93F8200F4BA9F /* bio.h */ = {isa = PBXFileReference; lastKnownFileType = sourcecode.c.h; path = bio.h; sourceTree = "<group>"; };
		8FF6E28127D93F8200F4BA9F /* rc2.h */ = {isa = PBXFileReference; lastKnownFileType = sourcecode.c.h; path = rc2.h; sourceTree = "<group>"; };
		8FF6E28227D93F8200F4BA9F /* types.h */ = {isa = PBXFileReference; lastKnownFileType = sourcecode.c.h; path = types.h; sourceTree = "<group>"; };
		8FF6E28327D93F8200F4BA9F /* dh.h */ = {isa = PBXFileReference; lastKnownFileType = sourcecode.c.h; path = dh.h; sourceTree = "<group>"; };
		8FF6E28427D93F8200F4BA9F /* cryptoerr_legacy.h */ = {isa = PBXFileReference; lastKnownFileType = sourcecode.c.h; path = cryptoerr_legacy.h; sourceTree = "<group>"; };
		8FF6E28527D93F8200F4BA9F /* proverr.h */ = {isa = PBXFileReference; lastKnownFileType = sourcecode.c.h; path = proverr.h; sourceTree = "<group>"; };
		8FF6E28627D93F8200F4BA9F /* x509v3.h */ = {isa = PBXFileReference; lastKnownFileType = sourcecode.c.h; path = x509v3.h; sourceTree = "<group>"; };
		8FF6E28727D93F8200F4BA9F /* core_object.h */ = {isa = PBXFileReference; lastKnownFileType = sourcecode.c.h; path = core_object.h; sourceTree = "<group>"; };
		8FF6E28827D93F8200F4BA9F /* decodererr.h */ = {isa = PBXFileReference; lastKnownFileType = sourcecode.c.h; path = decodererr.h; sourceTree = "<group>"; };
		8FF6E28927D93F8200F4BA9F /* param_build.h */ = {isa = PBXFileReference; lastKnownFileType = sourcecode.c.h; path = param_build.h; sourceTree = "<group>"; };
		8FF6E28A27D93F8200F4BA9F /* conf.h */ = {isa = PBXFileReference; lastKnownFileType = sourcecode.c.h; path = conf.h; sourceTree = "<group>"; };
		8FF6E28B27D93F8200F4BA9F /* conftypes.h */ = {isa = PBXFileReference; lastKnownFileType = sourcecode.c.h; path = conftypes.h; sourceTree = "<group>"; };
		8FF6E28C27D93F8200F4BA9F /* md5.h */ = {isa = PBXFileReference; lastKnownFileType = sourcecode.c.h; path = md5.h; sourceTree = "<group>"; };
		8FF6E28D27D93F8200F4BA9F /* decoder.h */ = {isa = PBXFileReference; lastKnownFileType = sourcecode.c.h; path = decoder.h; sourceTree = "<group>"; };
		8FF6E28E27D93F8200F4BA9F /* pemerr.h */ = {isa = PBXFileReference; lastKnownFileType = sourcecode.c.h; path = pemerr.h; sourceTree = "<group>"; };
		8FF6E28F27D93F8200F4BA9F /* crmferr.h */ = {isa = PBXFileReference; lastKnownFileType = sourcecode.c.h; path = crmferr.h; sourceTree = "<group>"; };
		8FF6E29027D93F8200F4BA9F /* x509_vfy.h */ = {isa = PBXFileReference; lastKnownFileType = sourcecode.c.h; path = x509_vfy.h; sourceTree = "<group>"; };
		8FF6E29127D93F8200F4BA9F /* txt_db.h */ = {isa = PBXFileReference; lastKnownFileType = sourcecode.c.h; path = txt_db.h; sourceTree = "<group>"; };
		8FF6E29227D93F8200F4BA9F /* cmp.h */ = {isa = PBXFileReference; lastKnownFileType = sourcecode.c.h; path = cmp.h; sourceTree = "<group>"; };
		8FF6E29327D93F8200F4BA9F /* comperr.h */ = {isa = PBXFileReference; lastKnownFileType = sourcecode.c.h; path = comperr.h; sourceTree = "<group>"; };
		8FF6E29427D93F8200F4BA9F /* cterr.h */ = {isa = PBXFileReference; lastKnownFileType = sourcecode.c.h; path = cterr.h; sourceTree = "<group>"; };
		8FF6E29527D93F8200F4BA9F /* self_test.h */ = {isa = PBXFileReference; lastKnownFileType = sourcecode.c.h; path = self_test.h; sourceTree = "<group>"; };
		8FF6E29627D93F8200F4BA9F /* safestack.h */ = {isa = PBXFileReference; lastKnownFileType = sourcecode.c.h; path = safestack.h; sourceTree = "<group>"; };
		8FF6E29727D93F8200F4BA9F /* configuration.h */ = {isa = PBXFileReference; lastKnownFileType = sourcecode.c.h; path = configuration.h; sourceTree = "<group>"; };
		8FF6E29827D93F8200F4BA9F /* fips_names.h */ = {isa = PBXFileReference; lastKnownFileType = sourcecode.c.h; path = fips_names.h; sourceTree = "<group>"; };
		8FF6E29927D93F8200F4BA9F /* ecdsa.h */ = {isa = PBXFileReference; lastKnownFileType = sourcecode.c.h; path = ecdsa.h; sourceTree = "<group>"; };
		8FF6E29A27D93F8200F4BA9F /* sslerr.h */ = {isa = PBXFileReference; lastKnownFileType = sourcecode.c.h; path = sslerr.h; sourceTree = "<group>"; };
		8FF6E29B27D93F8200F4BA9F /* prov_ssl.h */ = {isa = PBXFileReference; lastKnownFileType = sourcecode.c.h; path = prov_ssl.h; sourceTree = "<group>"; };
		8FF6E29C27D93F8200F4BA9F /* fipskey.h */ = {isa = PBXFileReference; lastKnownFileType = sourcecode.c.h; path = fipskey.h; sourceTree = "<group>"; };
		8FF6E29D27D93F8200F4BA9F /* rc5.h */ = {isa = PBXFileReference; lastKnownFileType = sourcecode.c.h; path = rc5.h; sourceTree = "<group>"; };
		8FF6E29E27D93F8200F4BA9F /* uierr.h */ = {isa = PBXFileReference; lastKnownFileType = sourcecode.c.h; path = uierr.h; sourceTree = "<group>"; };
		8FF6E29F27D93F8200F4BA9F /* x509v3err.h */ = {isa = PBXFileReference; lastKnownFileType = sourcecode.c.h; path = x509v3err.h; sourceTree = "<group>"; };
		8FF6E2A027D93F8200F4BA9F /* objects.h */ = {isa = PBXFileReference; lastKnownFileType = sourcecode.c.h; path = objects.h; sourceTree = "<group>"; };
		8FF6E2A127D93F8200F4BA9F /* pkcs12.h */ = {isa = PBXFileReference; lastKnownFileType = sourcecode.c.h; path = pkcs12.h; sourceTree = "<group>"; };
		8FF6E2A227D93F8200F4BA9F /* crypto.h */ = {isa = PBXFileReference; lastKnownFileType = sourcecode.c.h; path = crypto.h; sourceTree = "<group>"; };
		8FF6E2A327D93F8200F4BA9F /* crmf.h */ = {isa = PBXFileReference; lastKnownFileType = sourcecode.c.h; path = crmf.h; sourceTree = "<group>"; };
		8FF6E2A427D93F8200F4BA9F /* cmp_util.h */ = {isa = PBXFileReference; lastKnownFileType = sourcecode.c.h; path = cmp_util.h; sourceTree = "<group>"; };
		8FF6E2A527D93F8200F4BA9F /* opensslv.h */ = {isa = PBXFileReference; lastKnownFileType = sourcecode.c.h; path = opensslv.h; sourceTree = "<group>"; };
		8FF6E2A627D93F8200F4BA9F /* evperr.h */ = {isa = PBXFileReference; lastKnownFileType = sourcecode.c.h; path = evperr.h; sourceTree = "<group>"; };
		8FF6E2A727D93F8200F4BA9F /* pkcs7.h */ = {isa = PBXFileReference; lastKnownFileType = sourcecode.c.h; path = pkcs7.h; sourceTree = "<group>"; };
		8FF6E2A827D93F8200F4BA9F /* obj_mac.h */ = {isa = PBXFileReference; lastKnownFileType = sourcecode.c.h; path = obj_mac.h; sourceTree = "<group>"; };
		8FF6E2A927D93F8200F4BA9F /* ct.h */ = {isa = PBXFileReference; lastKnownFileType = sourcecode.c.h; path = ct.h; sourceTree = "<group>"; };
		8FF6E2AA27D93F8200F4BA9F /* async.h */ = {isa = PBXFileReference; lastKnownFileType = sourcecode.c.h; path = async.h; sourceTree = "<group>"; };
		8FF6E2AB27D93F8200F4BA9F /* buffer.h */ = {isa = PBXFileReference; lastKnownFileType = sourcecode.c.h; path = buffer.h; sourceTree = "<group>"; };
		8FF6E2AC27D93F8200F4BA9F /* ssl.h */ = {isa = PBXFileReference; lastKnownFileType = sourcecode.c.h; path = ssl.h; sourceTree = "<group>"; };
		8FF6E2AD27D93F8200F4BA9F /* srp.h */ = {isa = PBXFileReference; lastKnownFileType = sourcecode.c.h; path = srp.h; sourceTree = "<group>"; };
		8FF6E2AE27D93F8200F4BA9F /* camellia.h */ = {isa = PBXFileReference; lastKnownFileType = sourcecode.c.h; path = camellia.h; sourceTree = "<group>"; };
		8FF6E2AF27D93F8200F4BA9F /* httperr.h */ = {isa = PBXFileReference; lastKnownFileType = sourcecode.c.h; path = httperr.h; sourceTree = "<group>"; };
		8FF6E2B027D93F8200F4BA9F /* dherr.h */ = {isa = PBXFileReference; lastKnownFileType = sourcecode.c.h; path = dherr.h; sourceTree = "<group>"; };
		8FF6E2B127D93F8200F4BA9F /* evp.h */ = {isa = PBXFileReference; lastKnownFileType = sourcecode.c.h; path = evp.h; sourceTree = "<group>"; };
		8FF6E2B227D93F8200F4BA9F /* e_os2.h */ = {isa = PBXFileReference; lastKnownFileType = sourcecode.c.h; path = e_os2.h; sourceTree = "<group>"; };
		8FF6E2B327D93F8200F4BA9F /* trace.h */ = {isa = PBXFileReference; lastKnownFileType = sourcecode.c.h; path = trace.h; sourceTree = "<group>"; };
		8FF6E2B427D93F8200F4BA9F /* md4.h */ = {isa = PBXFileReference; lastKnownFileType = sourcecode.c.h; path = md4.h; sourceTree = "<group>"; };
		8FF6E2B527D93F8200F4BA9F /* core_names.h */ = {isa = PBXFileReference; lastKnownFileType = sourcecode.c.h; path = core_names.h; sourceTree = "<group>"; };
		8FF6E2B627D93F8200F4BA9F /* hmac.h */ = {isa = PBXFileReference; lastKnownFileType = sourcecode.c.h; path = hmac.h; sourceTree = "<group>"; };
		8FF6E2B727D93F8200F4BA9F /* provider.h */ = {isa = PBXFileReference; lastKnownFileType = sourcecode.c.h; path = provider.h; sourceTree = "<group>"; };
		8FF6E2B827D93F8200F4BA9F /* aes.h */ = {isa = PBXFileReference; lastKnownFileType = sourcecode.c.h; path = aes.h; sourceTree = "<group>"; };
		8FF6E2B927D93F8200F4BA9F /* engineerr.h */ = {isa = PBXFileReference; lastKnownFileType = sourcecode.c.h; path = engineerr.h; sourceTree = "<group>"; };
		8FF6E2BA27D93F8200F4BA9F /* comp.h */ = {isa = PBXFileReference; lastKnownFileType = sourcecode.c.h; path = comp.h; sourceTree = "<group>"; };
		8FF6E2BB27D93F8200F4BA9F /* macros.h */ = {isa = PBXFileReference; lastKnownFileType = sourcecode.c.h; path = macros.h; sourceTree = "<group>"; };
		8FF6E2BC27D93F8200F4BA9F /* pkcs12err.h */ = {isa = PBXFileReference; lastKnownFileType = sourcecode.c.h; path = pkcs12err.h; sourceTree = "<group>"; };
		8FF6E2BD27D93F8200F4BA9F /* encoder.h */ = {isa = PBXFileReference; lastKnownFileType = sourcecode.c.h; path = encoder.h; sourceTree = "<group>"; };
		8FF6E2BE27D93F8200F4BA9F /* cast.h */ = {isa = PBXFileReference; lastKnownFileType = sourcecode.c.h; path = cast.h; sourceTree = "<group>"; };
		8FF6E2BF27D93F8200F4BA9F /* sslerr_legacy.h */ = {isa = PBXFileReference; lastKnownFileType = sourcecode.c.h; path = sslerr_legacy.h; sourceTree = "<group>"; };
		8FF6E2C027D93F8200F4BA9F /* rc4.h */ = {isa = PBXFileReference; lastKnownFileType = sourcecode.c.h; path = rc4.h; sourceTree = "<group>"; };
		8FF6E2C127D93F8200F4BA9F /* stack.h */ = {isa = PBXFileReference; lastKnownFileType = sourcecode.c.h; path = stack.h; sourceTree = "<group>"; };
		8FF6E2C227D93F8200F4BA9F /* des.h */ = {isa = PBXFileReference; lastKnownFileType = sourcecode.c.h; path = des.h; sourceTree = "<group>"; };
		8FF6E2C327D93F8200F4BA9F /* ocsp.h */ = {isa = PBXFileReference; lastKnownFileType = sourcecode.c.h; path = ocsp.h; sourceTree = "<group>"; };
		8FF6E2C427D93F8200F4BA9F /* ec.h */ = {isa = PBXFileReference; lastKnownFileType = sourcecode.c.h; path = ec.h; sourceTree = "<group>"; };
		8FF6E2C527D93F8200F4BA9F /* ecdh.h */ = {isa = PBXFileReference; lastKnownFileType = sourcecode.c.h; path = ecdh.h; sourceTree = "<group>"; };
		8FF6E2C627D93F8200F4BA9F /* rand.h */ = {isa = PBXFileReference; lastKnownFileType = sourcecode.c.h; path = rand.h; sourceTree = "<group>"; };
		8FF6E2C727D93F8200F4BA9F /* ecerr.h */ = {isa = PBXFileReference; lastKnownFileType = sourcecode.c.h; path = ecerr.h; sourceTree = "<group>"; };
		8FF6E2C827D93F8200F4BA9F /* ts.h */ = {isa = PBXFileReference; lastKnownFileType = sourcecode.c.h; path = ts.h; sourceTree = "<group>"; };
		8FF6E2C927D93F8200F4BA9F /* core_dispatch.h */ = {isa = PBXFileReference; lastKnownFileType = sourcecode.c.h; path = core_dispatch.h; sourceTree = "<group>"; };
		8FF6E2CA27D93F8200F4BA9F /* cryptoerr.h */ = {isa = PBXFileReference; lastKnownFileType = sourcecode.c.h; path = cryptoerr.h; sourceTree = "<group>"; };
		8FF6E2CB27D93F8200F4BA9F /* storeerr.h */ = {isa = PBXFileReference; lastKnownFileType = sourcecode.c.h; path = storeerr.h; sourceTree = "<group>"; };
		8FF6E2CC27D93F8200F4BA9F /* buffererr.h */ = {isa = PBXFileReference; lastKnownFileType = sourcecode.c.h; path = buffererr.h; sourceTree = "<group>"; };
		8FF6E2CD27D93F8200F4BA9F /* seed.h */ = {isa = PBXFileReference; lastKnownFileType = sourcecode.c.h; path = seed.h; sourceTree = "<group>"; };
		8FF6E2CE27D93F8200F4BA9F /* modes.h */ = {isa = PBXFileReference; lastKnownFileType = sourcecode.c.h; path = modes.h; sourceTree = "<group>"; };
		8FF6E2CF27D93F8200F4BA9F /* ssl2.h */ = {isa = PBXFileReference; lastKnownFileType = sourcecode.c.h; path = ssl2.h; sourceTree = "<group>"; };
		8FF6E2D027D93F8200F4BA9F /* tserr.h */ = {isa = PBXFileReference; lastKnownFileType = sourcecode.c.h; path = tserr.h; sourceTree = "<group>"; };
		8FF6E2D127D93F8200F4BA9F /* rsa.h */ = {isa = PBXFileReference; lastKnownFileType = sourcecode.c.h; path = rsa.h; sourceTree = "<group>"; };
		8FF6E2D227D93F8200F4BA9F /* ripemd.h */ = {isa = PBXFileReference; lastKnownFileType = sourcecode.c.h; path = ripemd.h; sourceTree = "<group>"; };
		8FF6E2D327D93F8200F4BA9F /* whrlpool.h */ = {isa = PBXFileReference; lastKnownFileType = sourcecode.c.h; path = whrlpool.h; sourceTree = "<group>"; };
		8FF6E2D427D93F8200F4BA9F /* encodererr.h */ = {isa = PBXFileReference; lastKnownFileType = sourcecode.c.h; path = encodererr.h; sourceTree = "<group>"; };
		8FF6E2D527D93F8200F4BA9F /* cmperr.h */ = {isa = PBXFileReference; lastKnownFileType = sourcecode.c.h; path = cmperr.h; sourceTree = "<group>"; };
		8FF6E2D627D93F8200F4BA9F /* tls1.h */ = {isa = PBXFileReference; lastKnownFileType = sourcecode.c.h; path = tls1.h; sourceTree = "<group>"; };
		8FF6E2D727D93F8200F4BA9F /* rsaerr.h */ = {isa = PBXFileReference; lastKnownFileType = sourcecode.c.h; path = rsaerr.h; sourceTree = "<group>"; };
		8FF6E2D827D93F8200F4BA9F /* randerr.h */ = {isa = PBXFileReference; lastKnownFileType = sourcecode.c.h; path = randerr.h; sourceTree = "<group>"; };
		8FF6E2D927D93F8200F4BA9F /* mdc2.h */ = {isa = PBXFileReference; lastKnownFileType = sourcecode.c.h; path = mdc2.h; sourceTree = "<group>"; };
		8FF6E2DA27D93F8200F4BA9F /* ocsperr.h */ = {isa = PBXFileReference; lastKnownFileType = sourcecode.c.h; path = ocsperr.h; sourceTree = "<group>"; };
		8FF6E2DB27D93F8200F4BA9F /* x509err.h */ = {isa = PBXFileReference; lastKnownFileType = sourcecode.c.h; path = x509err.h; sourceTree = "<group>"; };
		8FF6E2DC27D93F8200F4BA9F /* pkcs7err.h */ = {isa = PBXFileReference; lastKnownFileType = sourcecode.c.h; path = pkcs7err.h; sourceTree = "<group>"; };
		8FF6E2DD27D93F8200F4BA9F /* dsa.h */ = {isa = PBXFileReference; lastKnownFileType = sourcecode.c.h; path = dsa.h; sourceTree = "<group>"; };
		8FF6E2DE27D93F8200F4BA9F /* kdferr.h */ = {isa = PBXFileReference; lastKnownFileType = sourcecode.c.h; path = kdferr.h; sourceTree = "<group>"; };
		8FF6E2DF27D93F8200F4BA9F /* srtp.h */ = {isa = PBXFileReference; lastKnownFileType = sourcecode.c.h; path = srtp.h; sourceTree = "<group>"; };
		8FF6E2E027D93F8200F4BA9F /* asn1t.h */ = {isa = PBXFileReference; lastKnownFileType = sourcecode.c.h; path = asn1t.h; sourceTree = "<group>"; };
		8FF6E2E127D93F8200F4BA9F /* dsaerr.h */ = {isa = PBXFileReference; lastKnownFileType = sourcecode.c.h; path = dsaerr.h; sourceTree = "<group>"; };
		8FF6E2E227D93F8200F4BA9F /* bnerr.h */ = {isa = PBXFileReference; lastKnownFileType = sourcecode.c.h; path = bnerr.h; sourceTree = "<group>"; };
		8FF6E2E327D93F8200F4BA9F /* conferr.h */ = {isa = PBXFileReference; lastKnownFileType = sourcecode.c.h; path = conferr.h; sourceTree = "<group>"; };
		8FF6E2E427D93F8200F4BA9F /* cmac.h */ = {isa = PBXFileReference; lastKnownFileType = sourcecode.c.h; path = cmac.h; sourceTree = "<group>"; };
		8FF6E2E527D93F8200F4BA9F /* ebcdic.h */ = {isa = PBXFileReference; lastKnownFileType = sourcecode.c.h; path = ebcdic.h; sourceTree = "<group>"; };
		8FF6E2E627D93F8200F4BA9F /* store.h */ = {isa = PBXFileReference; lastKnownFileType = sourcecode.c.h; path = store.h; sourceTree = "<group>"; };
		8FF6E2E727D93F8200F4BA9F /* idea.h */ = {isa = PBXFileReference; lastKnownFileType = sourcecode.c.h; path = idea.h; sourceTree = "<group>"; };
		8FF6E2E827D93F8200F4BA9F /* lhash.h */ = {isa = PBXFileReference; lastKnownFileType = sourcecode.c.h; path = lhash.h; sourceTree = "<group>"; };
		8FF6E2E927D93F8200F4BA9F /* ess.h */ = {isa = PBXFileReference; lastKnownFileType = sourcecode.c.h; path = ess.h; sourceTree = "<group>"; };
		8FF6E2EA27D93F8200F4BA9F /* asn1err.h */ = {isa = PBXFileReference; lastKnownFileType = sourcecode.c.h; path = asn1err.h; sourceTree = "<group>"; };
		8FF6E4F527DA10A600F4BA9F /* x264_config.h */ = {isa = PBXFileReference; lastKnownFileType = sourcecode.c.h; path = x264_config.h; sourceTree = "<group>"; };
		8FF6E4F627DA10A600F4BA9F /* x264.h */ = {isa = PBXFileReference; lastKnownFileType = sourcecode.c.h; path = x264.h; sourceTree = "<group>"; };
		8FF7AF0327EE5A75006F8E38 /* libvorbis.a */ = {isa = PBXFileReference; lastKnownFileType = archive.ar; name = libvorbis.a; path = libs/libvorbis.a; sourceTree = "<group>"; };
		8FF7B5D427F223A2006F8E38 /* libSDL2.a */ = {isa = PBXFileReference; lastKnownFileType = archive.ar; name = libSDL2.a; path = libs/libSDL2.a; sourceTree = "<group>"; };
		8FF7B5D927F4BD4C006F8E38 /* libopenssl.a */ = {isa = PBXFileReference; lastKnownFileType = archive.ar; name = libopenssl.a; path = libs/libopenssl.a; sourceTree = "<group>"; };
		9C169A872193E8FC0044126F /* libFFmpeg.a */ = {isa = PBXFileReference; explicitFileType = archive.ar; includeInIndex = 0; path = libFFmpeg.a; sourceTree = BUILT_PRODUCTS_DIR; };
		9C35EC412193553A00FD4FE8 /* libiconv.tbd */ = {isa = PBXFileReference; lastKnownFileType = "sourcecode.text-based-dylib-definition"; name = libiconv.tbd; path = usr/lib/libiconv.tbd; sourceTree = SDKROOT; };
		9C993F802193DAD0003761DB /* installer */ = {isa = PBXFileReference; explicitFileType = "compiled.mach-o.executable"; includeInIndex = 0; path = installer; sourceTree = BUILT_PRODUCTS_DIR; };
		9C993F922193DB20003761DB /* main.m */ = {isa = PBXFileReference; lastKnownFileType = sourcecode.c.objc; path = main.m; sourceTree = "<group>"; };
		9CD552C52193389B0075012A /* main.pch */ = {isa = PBXFileReference; fileEncoding = 4; lastKnownFileType = sourcecode.c.h; path = main.pch; sourceTree = "<group>"; };
		9CE7119C21934BFE006527D2 /* SDL_opengles2_gl2ext.h */ = {isa = PBXFileReference; fileEncoding = 4; lastKnownFileType = sourcecode.c.h; path = SDL_opengles2_gl2ext.h; sourceTree = "<group>"; };
		9CE7119E21934BFE006527D2 /* SDL_power.h */ = {isa = PBXFileReference; fileEncoding = 4; lastKnownFileType = sourcecode.c.h; path = SDL_power.h; sourceTree = "<group>"; };
		9CE7119F21934BFE006527D2 /* SDL_revision.h */ = {isa = PBXFileReference; fileEncoding = 4; lastKnownFileType = sourcecode.c.h; path = SDL_revision.h; sourceTree = "<group>"; };
		9CE711A021934BFE006527D2 /* SDL_events.h */ = {isa = PBXFileReference; fileEncoding = 4; lastKnownFileType = sourcecode.c.h; path = SDL_events.h; sourceTree = "<group>"; };
		9CE711A121934BFE006527D2 /* SDL_clipboard.h */ = {isa = PBXFileReference; fileEncoding = 4; lastKnownFileType = sourcecode.c.h; path = SDL_clipboard.h; sourceTree = "<group>"; };
		9CE711A221934BFE006527D2 /* SDL_haptic.h */ = {isa = PBXFileReference; fileEncoding = 4; lastKnownFileType = sourcecode.c.h; path = SDL_haptic.h; sourceTree = "<group>"; };
		9CE711A521934BFE006527D2 /* SDL_endian.h */ = {isa = PBXFileReference; fileEncoding = 4; lastKnownFileType = sourcecode.c.h; path = SDL_endian.h; sourceTree = "<group>"; };
		9CE711A621934BFE006527D2 /* SDL_error.h */ = {isa = PBXFileReference; fileEncoding = 4; lastKnownFileType = sourcecode.c.h; path = SDL_error.h; sourceTree = "<group>"; };
		9CE711A721934BFE006527D2 /* begin_code.h */ = {isa = PBXFileReference; fileEncoding = 4; lastKnownFileType = sourcecode.c.h; path = begin_code.h; sourceTree = "<group>"; };
		9CE711A821934BFE006527D2 /* SDL_types.h */ = {isa = PBXFileReference; fileEncoding = 4; lastKnownFileType = sourcecode.c.h; path = SDL_types.h; sourceTree = "<group>"; };
		9CE711A921934BFE006527D2 /* SDL_keycode.h */ = {isa = PBXFileReference; fileEncoding = 4; lastKnownFileType = sourcecode.c.h; path = SDL_keycode.h; sourceTree = "<group>"; };
		9CE711AA21934BFE006527D2 /* SDL_keyboard.h */ = {isa = PBXFileReference; fileEncoding = 4; lastKnownFileType = sourcecode.c.h; path = SDL_keyboard.h; sourceTree = "<group>"; };
		9CE711AC21934BFE006527D2 /* SDL_opengl_glext.h */ = {isa = PBXFileReference; fileEncoding = 4; lastKnownFileType = sourcecode.c.h; path = SDL_opengl_glext.h; sourceTree = "<group>"; };
		9CE711B121934BFE006527D2 /* SDL_egl.h */ = {isa = PBXFileReference; fileEncoding = 4; lastKnownFileType = sourcecode.c.h; path = SDL_egl.h; sourceTree = "<group>"; };
		9CE711B221934BFE006527D2 /* SDL_vulkan.h */ = {isa = PBXFileReference; fileEncoding = 4; lastKnownFileType = sourcecode.c.h; path = SDL_vulkan.h; sourceTree = "<group>"; };
		9CE711B421934BFE006527D2 /* SDL_main.h */ = {isa = PBXFileReference; fileEncoding = 4; lastKnownFileType = sourcecode.c.h; path = SDL_main.h; sourceTree = "<group>"; };
		9CE711B521934BFE006527D2 /* SDL_stdinc.h */ = {isa = PBXFileReference; fileEncoding = 4; lastKnownFileType = sourcecode.c.h; path = SDL_stdinc.h; sourceTree = "<group>"; };
		9CE711B621934BFE006527D2 /* SDL_scancode.h */ = {isa = PBXFileReference; fileEncoding = 4; lastKnownFileType = sourcecode.c.h; path = SDL_scancode.h; sourceTree = "<group>"; };
		9CE711B721934BFE006527D2 /* SDL_quit.h */ = {isa = PBXFileReference; fileEncoding = 4; lastKnownFileType = sourcecode.c.h; path = SDL_quit.h; sourceTree = "<group>"; };
		9CE711B921934BFE006527D2 /* SDL_touch.h */ = {isa = PBXFileReference; fileEncoding = 4; lastKnownFileType = sourcecode.c.h; path = SDL_touch.h; sourceTree = "<group>"; };
		9CE711BA21934BFE006527D2 /* SDL_opengles2.h */ = {isa = PBXFileReference; fileEncoding = 4; lastKnownFileType = sourcecode.c.h; path = SDL_opengles2.h; sourceTree = "<group>"; };
		9CE711BD21934BFE006527D2 /* SDL_name.h */ = {isa = PBXFileReference; fileEncoding = 4; lastKnownFileType = sourcecode.c.h; path = SDL_name.h; sourceTree = "<group>"; };
		9CE711BE21934BFE006527D2 /* SDL_platform.h */ = {isa = PBXFileReference; fileEncoding = 4; lastKnownFileType = sourcecode.c.h; path = SDL_platform.h; sourceTree = "<group>"; };
		9CE711BF21934BFE006527D2 /* SDL_shape.h */ = {isa = PBXFileReference; fileEncoding = 4; lastKnownFileType = sourcecode.c.h; path = SDL_shape.h; sourceTree = "<group>"; };
		9CE711C121934BFE006527D2 /* SDL_loadso.h */ = {isa = PBXFileReference; fileEncoding = 4; lastKnownFileType = sourcecode.c.h; path = SDL_loadso.h; sourceTree = "<group>"; };
		9CE711C221934BFE006527D2 /* SDL_config_macosx.h */ = {isa = PBXFileReference; fileEncoding = 4; lastKnownFileType = sourcecode.c.h; path = SDL_config_macosx.h; sourceTree = "<group>"; };
		9CE711C421934BFE006527D2 /* SDL_config.h */ = {isa = PBXFileReference; fileEncoding = 4; lastKnownFileType = sourcecode.c.h; path = SDL_config.h; sourceTree = "<group>"; };
		9CE711C521934BFE006527D2 /* SDL_audio.h */ = {isa = PBXFileReference; fileEncoding = 4; lastKnownFileType = sourcecode.c.h; path = SDL_audio.h; sourceTree = "<group>"; };
		9CE711C621934BFE006527D2 /* SDL_opengl.h */ = {isa = PBXFileReference; fileEncoding = 4; lastKnownFileType = sourcecode.c.h; path = SDL_opengl.h; sourceTree = "<group>"; };
		9CE711C721934BFE006527D2 /* SDL_blendmode.h */ = {isa = PBXFileReference; fileEncoding = 4; lastKnownFileType = sourcecode.c.h; path = SDL_blendmode.h; sourceTree = "<group>"; };
		9CE711C821934BFE006527D2 /* SDL_gesture.h */ = {isa = PBXFileReference; fileEncoding = 4; lastKnownFileType = sourcecode.c.h; path = SDL_gesture.h; sourceTree = "<group>"; };
		9CE711CB21934BFE006527D2 /* SDL_opengles.h */ = {isa = PBXFileReference; fileEncoding = 4; lastKnownFileType = sourcecode.c.h; path = SDL_opengles.h; sourceTree = "<group>"; };
		9CE711CC21934BFF006527D2 /* SDL_system.h */ = {isa = PBXFileReference; fileEncoding = 4; lastKnownFileType = sourcecode.c.h; path = SDL_system.h; sourceTree = "<group>"; };
		9CE711CD21934BFF006527D2 /* SDL_hints.h */ = {isa = PBXFileReference; fileEncoding = 4; lastKnownFileType = sourcecode.c.h; path = SDL_hints.h; sourceTree = "<group>"; };
		9CE711CE21934BFF006527D2 /* SDL_mouse.h */ = {isa = PBXFileReference; fileEncoding = 4; lastKnownFileType = sourcecode.c.h; path = SDL_mouse.h; sourceTree = "<group>"; };
		9CE711CF21934BFF006527D2 /* SDL_timer.h */ = {isa = PBXFileReference; fileEncoding = 4; lastKnownFileType = sourcecode.c.h; path = SDL_timer.h; sourceTree = "<group>"; };
		9CE711D021934BFF006527D2 /* SDL_surface.h */ = {isa = PBXFileReference; fileEncoding = 4; lastKnownFileType = sourcecode.c.h; path = SDL_surface.h; sourceTree = "<group>"; };
		9CE711D121934BFF006527D2 /* SDL_atomic.h */ = {isa = PBXFileReference; fileEncoding = 4; lastKnownFileType = sourcecode.c.h; path = SDL_atomic.h; sourceTree = "<group>"; };
		9CE711D221934BFF006527D2 /* SDL_log.h */ = {isa = PBXFileReference; fileEncoding = 4; lastKnownFileType = sourcecode.c.h; path = SDL_log.h; sourceTree = "<group>"; };
		9CE711D321934BFF006527D2 /* SDL_rwops.h */ = {isa = PBXFileReference; fileEncoding = 4; lastKnownFileType = sourcecode.c.h; path = SDL_rwops.h; sourceTree = "<group>"; };
		9CE711D421934BFF006527D2 /* SDL_render.h */ = {isa = PBXFileReference; fileEncoding = 4; lastKnownFileType = sourcecode.c.h; path = SDL_render.h; sourceTree = "<group>"; };
		9CE711D521934BFF006527D2 /* SDL_syswm.h */ = {isa = PBXFileReference; fileEncoding = 4; lastKnownFileType = sourcecode.c.h; path = SDL_syswm.h; sourceTree = "<group>"; };
		9CE711D621934BFF006527D2 /* SDL_bits.h */ = {isa = PBXFileReference; fileEncoding = 4; lastKnownFileType = sourcecode.c.h; path = SDL_bits.h; sourceTree = "<group>"; };
		9CE711D721934BFF006527D2 /* SDL_video.h */ = {isa = PBXFileReference; fileEncoding = 4; lastKnownFileType = sourcecode.c.h; path = SDL_video.h; sourceTree = "<group>"; };
		9CE711D821934BFF006527D2 /* SDL_assert.h */ = {isa = PBXFileReference; fileEncoding = 4; lastKnownFileType = sourcecode.c.h; path = SDL_assert.h; sourceTree = "<group>"; };
		9CE711D921934BFF006527D2 /* SDL_version.h */ = {isa = PBXFileReference; fileEncoding = 4; lastKnownFileType = sourcecode.c.h; path = SDL_version.h; sourceTree = "<group>"; };
		9CE711DA21934BFF006527D2 /* SDL_gamecontroller.h */ = {isa = PBXFileReference; fileEncoding = 4; lastKnownFileType = sourcecode.c.h; path = SDL_gamecontroller.h; sourceTree = "<group>"; };
		9CE711DC21934BFF006527D2 /* SDL_copying.h */ = {isa = PBXFileReference; fileEncoding = 4; lastKnownFileType = sourcecode.c.h; path = SDL_copying.h; sourceTree = "<group>"; };
		9CE711DD21934BFF006527D2 /* SDL_thread.h */ = {isa = PBXFileReference; fileEncoding = 4; lastKnownFileType = sourcecode.c.h; path = SDL_thread.h; sourceTree = "<group>"; };
		9CE711DF21934BFF006527D2 /* SDL_rect.h */ = {isa = PBXFileReference; fileEncoding = 4; lastKnownFileType = sourcecode.c.h; path = SDL_rect.h; sourceTree = "<group>"; };
		9CE711E021934BFF006527D2 /* SDL_mutex.h */ = {isa = PBXFileReference; fileEncoding = 4; lastKnownFileType = sourcecode.c.h; path = SDL_mutex.h; sourceTree = "<group>"; };
		9CE711E121934BFF006527D2 /* close_code.h */ = {isa = PBXFileReference; fileEncoding = 4; lastKnownFileType = sourcecode.c.h; path = close_code.h; sourceTree = "<group>"; };
		9CE711E321934BFF006527D2 /* SDL_joystick.h */ = {isa = PBXFileReference; fileEncoding = 4; lastKnownFileType = sourcecode.c.h; path = SDL_joystick.h; sourceTree = "<group>"; };
		9CE711E421934BFF006527D2 /* SDL.h */ = {isa = PBXFileReference; fileEncoding = 4; lastKnownFileType = sourcecode.c.h; path = SDL.h; sourceTree = "<group>"; };
		9CE711E521934BFF006527D2 /* SDL_filesystem.h */ = {isa = PBXFileReference; fileEncoding = 4; lastKnownFileType = sourcecode.c.h; path = SDL_filesystem.h; sourceTree = "<group>"; };
		9CE711E621934BFF006527D2 /* SDL_messagebox.h */ = {isa = PBXFileReference; fileEncoding = 4; lastKnownFileType = sourcecode.c.h; path = SDL_messagebox.h; sourceTree = "<group>"; };
		9CE711E721934BFF006527D2 /* SDL_opengles2_gl2platform.h */ = {isa = PBXFileReference; fileEncoding = 4; lastKnownFileType = sourcecode.c.h; path = SDL_opengles2_gl2platform.h; sourceTree = "<group>"; };
		9CE711E821934BFF006527D2 /* SDL_opengles2_khrplatform.h */ = {isa = PBXFileReference; fileEncoding = 4; lastKnownFileType = sourcecode.c.h; path = SDL_opengles2_khrplatform.h; sourceTree = "<group>"; };
		9CE711EA21934BFF006527D2 /* SDL_pixels.h */ = {isa = PBXFileReference; fileEncoding = 4; lastKnownFileType = sourcecode.c.h; path = SDL_pixels.h; sourceTree = "<group>"; };
		9CE711EB21934BFF006527D2 /* SDL_cpuinfo.h */ = {isa = PBXFileReference; fileEncoding = 4; lastKnownFileType = sourcecode.c.h; path = SDL_cpuinfo.h; sourceTree = "<group>"; };
		9CE711ED21934BFF006527D2 /* SDL_opengles2_gl2.h */ = {isa = PBXFileReference; fileEncoding = 4; lastKnownFileType = sourcecode.c.h; path = SDL_opengles2_gl2.h; sourceTree = "<group>"; };
		9CE714EA21934C51006527D2 /* Metal.framework */ = {isa = PBXFileReference; lastKnownFileType = wrapper.framework; name = Metal.framework; path = System/Library/Frameworks/Metal.framework; sourceTree = SDKROOT; };
		9CE714EC21934C56006527D2 /* CoreAudio.framework */ = {isa = PBXFileReference; lastKnownFileType = wrapper.framework; name = CoreAudio.framework; path = System/Library/Frameworks/CoreAudio.framework; sourceTree = SDKROOT; };
		9CE714EE21934C5D006527D2 /* QuartzCore.framework */ = {isa = PBXFileReference; lastKnownFileType = wrapper.framework; name = QuartzCore.framework; path = System/Library/Frameworks/QuartzCore.framework; sourceTree = SDKROOT; };
		9CE714F021934C62006527D2 /* CoreVideo.framework */ = {isa = PBXFileReference; lastKnownFileType = wrapper.framework; name = CoreVideo.framework; path = System/Library/Frameworks/CoreVideo.framework; sourceTree = SDKROOT; };
		9CE714F221934C67006527D2 /* Cocoa.framework */ = {isa = PBXFileReference; lastKnownFileType = wrapper.framework; name = Cocoa.framework; path = System/Library/Frameworks/Cocoa.framework; sourceTree = SDKROOT; };
		9CE714F421934C6B006527D2 /* IOKit.framework */ = {isa = PBXFileReference; lastKnownFileType = wrapper.framework; name = IOKit.framework; path = System/Library/Frameworks/IOKit.framework; sourceTree = SDKROOT; };
		9CE714F621934C72006527D2 /* CoreFoundation.framework */ = {isa = PBXFileReference; lastKnownFileType = wrapper.framework; name = CoreFoundation.framework; path = System/Library/Frameworks/CoreFoundation.framework; sourceTree = SDKROOT; };
		9CE714F821934C78006527D2 /* Carbon.framework */ = {isa = PBXFileReference; lastKnownFileType = wrapper.framework; name = Carbon.framework; path = System/Library/Frameworks/Carbon.framework; sourceTree = SDKROOT; };
		9CE714FA21934C80006527D2 /* ForceFeedback.framework */ = {isa = PBXFileReference; lastKnownFileType = wrapper.framework; name = ForceFeedback.framework; path = System/Library/Frameworks/ForceFeedback.framework; sourceTree = SDKROOT; };
		9CE714FC21934C85006527D2 /* AudioToolbox.framework */ = {isa = PBXFileReference; lastKnownFileType = wrapper.framework; name = AudioToolbox.framework; path = System/Library/Frameworks/AudioToolbox.framework; sourceTree = SDKROOT; };
/* End PBXFileReference section */

/* Begin PBXFrameworksBuildPhase section */
		9C169A852193E8FC0044126F /* Frameworks */ = {
			isa = PBXFrameworksBuildPhase;
			buildActionMask = 2147483647;
			files = (
				8FDBB9EA27F4FBAA0058E8EA /* libogg.a in Frameworks */,
				8FF7B5DB27F4BD4C006F8E38 /* libopenssl.a in Frameworks */,
				8FF7B5D527F223A3006F8E38 /* libSDL2.a in Frameworks */,
				8FF7B5CF27F20E6F006F8E38 /* libtarbz2.a in Frameworks */,
				8FF7AF0727EE5AAF006F8E38 /* libvorbis.a in Frameworks */,
				8FA0E81227E6127B008FAC71 /* libXau.a in Frameworks */,
				8FA0E80C27E505C9008FAC71 /* libcrypto.a in Frameworks */,
				8FA0E80D27E505C9008FAC71 /* libssl.a in Frameworks */,
				8F82235B27E27D6F006FE332 /* libspeex.a in Frameworks */,
				8F82235927E27BD3006FE332 /* libvpx.a in Frameworks */,
				8F82235727E27A31006FE332 /* libX11.a in Frameworks */,
				8F82235527E265A3006FE332 /* libopenjp2.a in Frameworks */,
				8F82235327E25DFA006FE332 /* libXdmcp.a in Frameworks */,
				8F82234F27E25232006FE332 /* libx264.a in Frameworks */,
				8F82234D27E23A9A006FE332 /* libmetal.a in Frameworks */,
				8F82234B27E22F38006FE332 /* libz.a in Frameworks */,
				8F82234727E2281F006FE332 /* libxcb-all.a in Frameworks */,
				8F40284E27C94E1A0095D637 /* libiconv.2.4.0.tbd in Frameworks */,
			);
			runOnlyForDeploymentPostprocessing = 0;
		};
		9C993F7D2193DAD0003761DB /* Frameworks */ = {
			isa = PBXFrameworksBuildPhase;
			buildActionMask = 2147483647;
			files = (
				8F82233627E0B3F6006FE332 /* libtarbz2.a in Frameworks */,
				8FE849EA28076EDA005D127E /* XcodeEditor.framework in Frameworks */,
			);
			runOnlyForDeploymentPostprocessing = 0;
		};
/* End PBXFrameworksBuildPhase section */

/* Begin PBXGroup section */
		8F40288327CBEEFB0095D637 /* libtar */ = {
			isa = PBXGroup;
			children = (
				8F40288427CBEEFB0095D637 /* libtar_listhash.h */,
				8F40288527CBEEFB0095D637 /* libtar.h */,
			);
			path = libtar;
			sourceTree = "<group>";
		};
		8FEF098527D95F1E00DC1E5F /* ogg */ = {
			isa = PBXGroup;
			children = (
				8FEF098627D95F1E00DC1E5F /* ogg.h */,
				8FEF098727D95F1E00DC1E5F /* config_types.h */,
				8FEF098827D95F1E00DC1E5F /* os_types.h */,
			);
			path = ogg;
			sourceTree = "<group>";
		};
		8FEF098927D95F1E00DC1E5F /* vpx */ = {
			isa = PBXGroup;
			children = (
				8FEF098A27D95F1E00DC1E5F /* vpx_image.h */,
				8FEF098B27D95F1E00DC1E5F /* vpx_encoder.h */,
				8FEF098C27D95F1E00DC1E5F /* vp8cx.h */,
				8FEF098D27D95F1E00DC1E5F /* vpx_integer.h */,
				8FEF098E27D95F1E00DC1E5F /* vpx_codec.h */,
				8FEF098F27D95F1E00DC1E5F /* vp8.h */,
				8FEF099027D95F1E00DC1E5F /* vp8dx.h */,
				8FEF099127D95F1E00DC1E5F /* vpx_ext_ratectrl.h */,
				8FEF099227D95F1E00DC1E5F /* vpx_decoder.h */,
				8FEF099327D95F1E00DC1E5F /* vpx_frame_buffer.h */,
			);
			path = vpx;
			sourceTree = "<group>";
		};
		8FEF099427D95F1E00DC1E5F /* speex */ = {
			isa = PBXGroup;
			children = (
				8FEF099527D95F1E00DC1E5F /* speex_config_types.h */,
				8FEF099627D95F1E00DC1E5F /* speex_header.h */,
				8FEF099727D95F1E00DC1E5F /* speex_stereo.h */,
				8FEF099827D95F1E00DC1E5F /* speex.h */,
				8FEF099927D95F1E00DC1E5F /* speex_types.h */,
				8FEF099A27D95F1E00DC1E5F /* speex_bits.h */,
				8FEF099B27D95F1E00DC1E5F /* speex_callbacks.h */,
			);
			path = speex;
			sourceTree = "<group>";
		};
		8FEF099C27D95F1E00DC1E5F /* xcb */ = {
			isa = PBXGroup;
			children = (
				8FEF099D27D95F1E00DC1E5F /* composite.h */,
				8FEF099E27D95F1E00DC1E5F /* randr.h */,
				8FEF099F27D95F1E00DC1E5F /* damage.h */,
				8FEF09A027D95F1E00DC1E5F /* xf86dri.h */,
				8FEF09A127D95F1E00DC1E5F /* dri2.h */,
				8FEF09A227D95F1E00DC1E5F /* xcbext.h */,
				8FEF09A327D95F1E00DC1E5F /* sync.h */,
				8FEF09A427D95F1E00DC1E5F /* xkb.h */,
				8FEF09A527D95F1E00DC1E5F /* xselinux.h */,
				8FEF09A627D95F1E00DC1E5F /* xvmc.h */,
				8FEF09A727D95F1E00DC1E5F /* xinput.h */,
				8FEF09A827D95F1E00DC1E5F /* record.h */,
				8FEF09A927D95F1E00DC1E5F /* shape.h */,
				8FEF09AA27D95F1E00DC1E5F /* xinerama.h */,
				8FEF09AB27D95F1E00DC1E5F /* xproto.h */,
				8FEF09AC27D95F1E00DC1E5F /* dpms.h */,
				8FEF09AD27D95F1E00DC1E5F /* xc_misc.h */,
				8FEF09AE27D95F1E00DC1E5F /* xfixes.h */,
				8FEF09AF27D95F1E00DC1E5F /* bigreq.h */,
				8FEF09B027D95F1E00DC1E5F /* res.h */,
				8FEF09B127D95F1E00DC1E5F /* shm.h */,
				8FEF09B227D95F1E00DC1E5F /* screensaver.h */,
				8FEF09B327D95F1E00DC1E5F /* present.h */,
				8FEF09B427D95F1E00DC1E5F /* xcb.h */,
				8FEF09B527D95F1E00DC1E5F /* glx.h */,
				8FEF09B627D95F1E00DC1E5F /* xv.h */,
				8FEF09B727D95F1E00DC1E5F /* dri3.h */,
				8FEF09B827D95F1E00DC1E5F /* xprint.h */,
				8FEF09B927D95F1E00DC1E5F /* xevie.h */,
				8FEF09BA27D95F1E00DC1E5F /* ge.h */,
				8FEF09BB27D95F1E00DC1E5F /* render.h */,
				8FEF09BC27D95F1E00DC1E5F /* xtest.h */,
			);
			path = xcb;
			sourceTree = "<group>";
		};
		8FEF09BD27D95F1E00DC1E5F /* vorbis */ = {
			isa = PBXGroup;
			children = (
				8FEF09BE27D95F1E00DC1E5F /* vorbisfile.h */,
				8FEF09BF27D95F1E00DC1E5F /* codec.h */,
				8FEF09C027D95F1E00DC1E5F /* vorbisenc.h */,
			);
			path = vorbis;
			sourceTree = "<group>";
		};
		8FF6E25E27D93DF900F4BA9F /* include */ = {
			isa = PBXGroup;
			children = (
				8FF61CB727EE520D00516C4B /* openjpeg.h */,
				8FF61CB627EE520C00516C4B /* opj_config.h */,
				8FF61CB827EE520D00516C4B /* opj_stdint.h */,
				8F40288227CBEEFB0095D637 /* bzlib.h */,
				8F40288327CBEEFB0095D637 /* libtar */,
				8FEF098527D95F1E00DC1E5F /* ogg */,
				8FF6E26327D93F8200F4BA9F /* openssl */,
				9CE70E5721934B8A006527D2 /* SDL2 */,
				8FEF099427D95F1E00DC1E5F /* speex */,
				8FEF09BD27D95F1E00DC1E5F /* vorbis */,
				8FEF098927D95F1E00DC1E5F /* vpx */,
				8FF6E4F427DA10A600F4BA9F /* x264 */,
				8FEF099C27D95F1E00DC1E5F /* xcb */,
			);
			path = include;
			sourceTree = "<group>";
		};
		8FF6E26327D93F8200F4BA9F /* openssl */ = {
			isa = PBXGroup;
			children = (
				8FF6E26427D93F8200F4BA9F /* pem2.h */,
				8FF6E26527D93F8200F4BA9F /* kdf.h */,
				8FF6E26627D93F8200F4BA9F /* pem.h */,
				8FF6E26727D93F8200F4BA9F /* asyncerr.h */,
				8FF6E26827D93F8200F4BA9F /* md2.h */,
				8FF6E26927D93F8200F4BA9F /* ssl3.h */,
				8FF6E26A27D93F8200F4BA9F /* ossl_typ.h */,
				8FF6E26B27D93F8200F4BA9F /* dtls1.h */,
				8FF6E26C27D93F8200F4BA9F /* err.h */,
				8FF6E26D27D93F8200F4BA9F /* bn.h */,
				8FF6E26E27D93F8200F4BA9F /* blowfish.h */,
				8FF6E26F27D93F8200F4BA9F /* cms.h */,
				8FF6E27027D93F8200F4BA9F /* engine.h */,
				8FF6E27127D93F8200F4BA9F /* conf_api.h */,
				8FF6E27227D93F8200F4BA9F /* esserr.h */,
				8FF6E27327D93F8200F4BA9F /* core.h */,
				8FF6E27427D93F8200F4BA9F /* x509.h */,
				8FF6E27527D93F8200F4BA9F /* asn1_mac.h */,
				8FF6E27627D93F8200F4BA9F /* objectserr.h */,
				8FF6E27727D93F8200F4BA9F /* params.h */,
				8FF6E27827D93F8200F4BA9F /* cmserr.h */,
				8FF6E27927D93F8200F4BA9F /* http.h */,
				8FF6E27A27D93F8200F4BA9F /* ui.h */,
				8FF6E27B27D93F8200F4BA9F /* sha.h */,
				8FF6E27C27D93F8200F4BA9F /* symhacks.h */,
				8FF6E27D27D93F8200F4BA9F /* asn1.h */,
				8FF6E27E27D93F8200F4BA9F /* bioerr.h */,
				8FF6E27F27D93F8200F4BA9F /* opensslconf.h */,
				8FF6E28027D93F8200F4BA9F /* bio.h */,
				8FF6E28127D93F8200F4BA9F /* rc2.h */,
				8FF6E28227D93F8200F4BA9F /* types.h */,
				8FF6E28327D93F8200F4BA9F /* dh.h */,
				8FF6E28427D93F8200F4BA9F /* cryptoerr_legacy.h */,
				8FF6E28527D93F8200F4BA9F /* proverr.h */,
				8FF6E28627D93F8200F4BA9F /* x509v3.h */,
				8FF6E28727D93F8200F4BA9F /* core_object.h */,
				8FF6E28827D93F8200F4BA9F /* decodererr.h */,
				8FF6E28927D93F8200F4BA9F /* param_build.h */,
				8FF6E28A27D93F8200F4BA9F /* conf.h */,
				8FF6E28B27D93F8200F4BA9F /* conftypes.h */,
				8FF6E28C27D93F8200F4BA9F /* md5.h */,
				8FF6E28D27D93F8200F4BA9F /* decoder.h */,
				8FF6E28E27D93F8200F4BA9F /* pemerr.h */,
				8FF6E28F27D93F8200F4BA9F /* crmferr.h */,
				8FF6E29027D93F8200F4BA9F /* x509_vfy.h */,
				8FF6E29127D93F8200F4BA9F /* txt_db.h */,
				8FF6E29227D93F8200F4BA9F /* cmp.h */,
				8FF6E29327D93F8200F4BA9F /* comperr.h */,
				8FF6E29427D93F8200F4BA9F /* cterr.h */,
				8FF6E29527D93F8200F4BA9F /* self_test.h */,
				8FF6E29627D93F8200F4BA9F /* safestack.h */,
				8FF6E29727D93F8200F4BA9F /* configuration.h */,
				8FF6E29827D93F8200F4BA9F /* fips_names.h */,
				8FF6E29927D93F8200F4BA9F /* ecdsa.h */,
				8FF6E29A27D93F8200F4BA9F /* sslerr.h */,
				8FF6E29B27D93F8200F4BA9F /* prov_ssl.h */,
				8FF6E29C27D93F8200F4BA9F /* fipskey.h */,
				8FF6E29D27D93F8200F4BA9F /* rc5.h */,
				8FF6E29E27D93F8200F4BA9F /* uierr.h */,
				8FF6E29F27D93F8200F4BA9F /* x509v3err.h */,
				8FF6E2A027D93F8200F4BA9F /* objects.h */,
				8FF6E2A127D93F8200F4BA9F /* pkcs12.h */,
				8FF6E2A227D93F8200F4BA9F /* crypto.h */,
				8FF6E2A327D93F8200F4BA9F /* crmf.h */,
				8FF6E2A427D93F8200F4BA9F /* cmp_util.h */,
				8FF6E2A527D93F8200F4BA9F /* opensslv.h */,
				8FF6E2A627D93F8200F4BA9F /* evperr.h */,
				8FF6E2A727D93F8200F4BA9F /* pkcs7.h */,
				8FF6E2A827D93F8200F4BA9F /* obj_mac.h */,
				8FF6E2A927D93F8200F4BA9F /* ct.h */,
				8FF6E2AA27D93F8200F4BA9F /* async.h */,
				8FF6E2AB27D93F8200F4BA9F /* buffer.h */,
				8FF6E2AC27D93F8200F4BA9F /* ssl.h */,
				8FF6E2AD27D93F8200F4BA9F /* srp.h */,
				8FF6E2AE27D93F8200F4BA9F /* camellia.h */,
				8FF6E2AF27D93F8200F4BA9F /* httperr.h */,
				8FF6E2B027D93F8200F4BA9F /* dherr.h */,
				8FF6E2B127D93F8200F4BA9F /* evp.h */,
				8FF6E2B227D93F8200F4BA9F /* e_os2.h */,
				8FF6E2B327D93F8200F4BA9F /* trace.h */,
				8FF6E2B427D93F8200F4BA9F /* md4.h */,
				8FF6E2B527D93F8200F4BA9F /* core_names.h */,
				8FF6E2B627D93F8200F4BA9F /* hmac.h */,
				8FF6E2B727D93F8200F4BA9F /* provider.h */,
				8FF6E2B827D93F8200F4BA9F /* aes.h */,
				8FF6E2B927D93F8200F4BA9F /* engineerr.h */,
				8FF6E2BA27D93F8200F4BA9F /* comp.h */,
				8FF6E2BB27D93F8200F4BA9F /* macros.h */,
				8FF6E2BC27D93F8200F4BA9F /* pkcs12err.h */,
				8FF6E2BD27D93F8200F4BA9F /* encoder.h */,
				8FF6E2BE27D93F8200F4BA9F /* cast.h */,
				8FF6E2BF27D93F8200F4BA9F /* sslerr_legacy.h */,
				8FF6E2C027D93F8200F4BA9F /* rc4.h */,
				8FF6E2C127D93F8200F4BA9F /* stack.h */,
				8FF6E2C227D93F8200F4BA9F /* des.h */,
				8FF6E2C327D93F8200F4BA9F /* ocsp.h */,
				8FF6E2C427D93F8200F4BA9F /* ec.h */,
				8FF6E2C527D93F8200F4BA9F /* ecdh.h */,
				8FF6E2C627D93F8200F4BA9F /* rand.h */,
				8FF6E2C727D93F8200F4BA9F /* ecerr.h */,
				8FF6E2C827D93F8200F4BA9F /* ts.h */,
				8FF6E2C927D93F8200F4BA9F /* core_dispatch.h */,
				8FF6E2CA27D93F8200F4BA9F /* cryptoerr.h */,
				8FF6E2CB27D93F8200F4BA9F /* storeerr.h */,
				8FF6E2CC27D93F8200F4BA9F /* buffererr.h */,
				8FF6E2CD27D93F8200F4BA9F /* seed.h */,
				8FF6E2CE27D93F8200F4BA9F /* modes.h */,
				8FF6E2CF27D93F8200F4BA9F /* ssl2.h */,
				8FF6E2D027D93F8200F4BA9F /* tserr.h */,
				8FF6E2D127D93F8200F4BA9F /* rsa.h */,
				8FF6E2D227D93F8200F4BA9F /* ripemd.h */,
				8FF6E2D327D93F8200F4BA9F /* whrlpool.h */,
				8FF6E2D427D93F8200F4BA9F /* encodererr.h */,
				8FF6E2D527D93F8200F4BA9F /* cmperr.h */,
				8FF6E2D627D93F8200F4BA9F /* tls1.h */,
				8FF6E2D727D93F8200F4BA9F /* rsaerr.h */,
				8FF6E2D827D93F8200F4BA9F /* randerr.h */,
				8FF6E2D927D93F8200F4BA9F /* mdc2.h */,
				8FF6E2DA27D93F8200F4BA9F /* ocsperr.h */,
				8FF6E2DB27D93F8200F4BA9F /* x509err.h */,
				8FF6E2DC27D93F8200F4BA9F /* pkcs7err.h */,
				8FF6E2DD27D93F8200F4BA9F /* dsa.h */,
				8FF6E2DE27D93F8200F4BA9F /* kdferr.h */,
				8FF6E2DF27D93F8200F4BA9F /* srtp.h */,
				8FF6E2E027D93F8200F4BA9F /* asn1t.h */,
				8FF6E2E127D93F8200F4BA9F /* dsaerr.h */,
				8FF6E2E227D93F8200F4BA9F /* bnerr.h */,
				8FF6E2E327D93F8200F4BA9F /* conferr.h */,
				8FF6E2E427D93F8200F4BA9F /* cmac.h */,
				8FF6E2E527D93F8200F4BA9F /* ebcdic.h */,
				8FF6E2E627D93F8200F4BA9F /* store.h */,
				8FF6E2E727D93F8200F4BA9F /* idea.h */,
				8FF6E2E827D93F8200F4BA9F /* lhash.h */,
				8FF6E2E927D93F8200F4BA9F /* ess.h */,
				8FF6E2EA27D93F8200F4BA9F /* asn1err.h */,
			);
			path = openssl;
			sourceTree = "<group>";
		};
		8FF6E4F427DA10A600F4BA9F /* x264 */ = {
			isa = PBXGroup;
			children = (
				8FF6E4F527DA10A600F4BA9F /* x264_config.h */,
				8FF6E4F627DA10A600F4BA9F /* x264.h */,
			);
			path = x264;
			sourceTree = "<group>";
		};
		9C35EC8B2193592300FD4FE8 /* Installer */ = {
			isa = PBXGroup;
			children = (
				9CD552C52193389B0075012A /* main.pch */,
				9C993F922193DB20003761DB /* main.m */,
				8F40285727C974610095D637 /* MCXInstaller.h */,
				8F40285527C9743E0095D637 /* MCXInstaller.m */,
				8F826EAD27D61FA40050533D /* buildFFmpegLib.scpt */,
			);
			path = Installer;
			sourceTree = "<group>";
		};
		9CD550BE219337510075012A = {
			isa = PBXGroup;
			children = (
				8F826EA727D6157C0050533D /* metal_patch.c */,
				8FF6E25E27D93DF900F4BA9F /* include */,
				9C35EC8B2193592300FD4FE8 /* Installer */,
				9CD550C8219337510075012A /* Products */,
				9CE714E921934C51006527D2 /* Frameworks */,
			);
			sourceTree = "<group>";
		};
		9CD550C8219337510075012A /* Products */ = {
			isa = PBXGroup;
			children = (
				9C993F802193DAD0003761DB /* installer */,
				9C169A872193E8FC0044126F /* libFFmpeg.a */,
			);
			name = Products;
			sourceTree = "<group>";
		};
		9CE70E5721934B8A006527D2 /* SDL2 */ = {
			isa = PBXGroup;
			children = (
				9CE711A721934BFE006527D2 /* begin_code.h */,
				9CE711E121934BFF006527D2 /* close_code.h */,
				9CE711D821934BFF006527D2 /* SDL_assert.h */,
				9CE711D121934BFF006527D2 /* SDL_atomic.h */,
				9CE711C521934BFE006527D2 /* SDL_audio.h */,
				9CE711D621934BFF006527D2 /* SDL_bits.h */,
				9CE711C721934BFE006527D2 /* SDL_blendmode.h */,
				9CE711A121934BFE006527D2 /* SDL_clipboard.h */,
				9CE711C221934BFE006527D2 /* SDL_config_macosx.h */,
				9CE711C421934BFE006527D2 /* SDL_config.h */,
				9CE711DC21934BFF006527D2 /* SDL_copying.h */,
				9CE711EB21934BFF006527D2 /* SDL_cpuinfo.h */,
				9CE711B121934BFE006527D2 /* SDL_egl.h */,
				9CE711A521934BFE006527D2 /* SDL_endian.h */,
				9CE711A621934BFE006527D2 /* SDL_error.h */,
				9CE711A021934BFE006527D2 /* SDL_events.h */,
				9CE711E521934BFF006527D2 /* SDL_filesystem.h */,
				9CE711DA21934BFF006527D2 /* SDL_gamecontroller.h */,
				9CE711C821934BFE006527D2 /* SDL_gesture.h */,
				9CE711A221934BFE006527D2 /* SDL_haptic.h */,
				9CE711CD21934BFF006527D2 /* SDL_hints.h */,
				9CE711E321934BFF006527D2 /* SDL_joystick.h */,
				9CE711AA21934BFE006527D2 /* SDL_keyboard.h */,
				9CE711A921934BFE006527D2 /* SDL_keycode.h */,
				9CE711C121934BFE006527D2 /* SDL_loadso.h */,
				9CE711D221934BFF006527D2 /* SDL_log.h */,
				9CE711B421934BFE006527D2 /* SDL_main.h */,
				9CE711E621934BFF006527D2 /* SDL_messagebox.h */,
				9CE711CE21934BFF006527D2 /* SDL_mouse.h */,
				9CE711E021934BFF006527D2 /* SDL_mutex.h */,
				9CE711BD21934BFE006527D2 /* SDL_name.h */,
				9CE711AC21934BFE006527D2 /* SDL_opengl_glext.h */,
				9CE711C621934BFE006527D2 /* SDL_opengl.h */,
				9CE711CB21934BFE006527D2 /* SDL_opengles.h */,
				9CE711ED21934BFF006527D2 /* SDL_opengles2_gl2.h */,
				9CE7119C21934BFE006527D2 /* SDL_opengles2_gl2ext.h */,
				9CE711E721934BFF006527D2 /* SDL_opengles2_gl2platform.h */,
				9CE711E821934BFF006527D2 /* SDL_opengles2_khrplatform.h */,
				9CE711BA21934BFE006527D2 /* SDL_opengles2.h */,
				9CE711EA21934BFF006527D2 /* SDL_pixels.h */,
				9CE711BE21934BFE006527D2 /* SDL_platform.h */,
				9CE7119E21934BFE006527D2 /* SDL_power.h */,
				9CE711B721934BFE006527D2 /* SDL_quit.h */,
				9CE711DF21934BFF006527D2 /* SDL_rect.h */,
				9CE711D421934BFF006527D2 /* SDL_render.h */,
				9CE7119F21934BFE006527D2 /* SDL_revision.h */,
				9CE711D321934BFF006527D2 /* SDL_rwops.h */,
				9CE711B621934BFE006527D2 /* SDL_scancode.h */,
				9CE711BF21934BFE006527D2 /* SDL_shape.h */,
				9CE711B521934BFE006527D2 /* SDL_stdinc.h */,
				9CE711D021934BFF006527D2 /* SDL_surface.h */,
				9CE711CC21934BFF006527D2 /* SDL_system.h */,
				9CE711D521934BFF006527D2 /* SDL_syswm.h */,
				9CE711DD21934BFF006527D2 /* SDL_thread.h */,
				9CE711CF21934BFF006527D2 /* SDL_timer.h */,
				9CE711B921934BFE006527D2 /* SDL_touch.h */,
				9CE711A821934BFE006527D2 /* SDL_types.h */,
				9CE711D921934BFF006527D2 /* SDL_version.h */,
				9CE711D721934BFF006527D2 /* SDL_video.h */,
				9CE711B221934BFE006527D2 /* SDL_vulkan.h */,
				9CE711E421934BFF006527D2 /* SDL.h */,
			);
			path = SDL2;
			sourceTree = "<group>";
		};
		9CE714E921934C51006527D2 /* Frameworks */ = {
			isa = PBXGroup;
			children = (
				8FE849E928076EDA005D127E /* XcodeEditor.framework */,
				8FDBB9E927F4FBAA0058E8EA /* libogg.a */,
				8FF7B5D927F4BD4C006F8E38 /* libopenssl.a */,
				8FF7B5D427F223A2006F8E38 /* libSDL2.a */,
				9CE714FC21934C85006527D2 /* AudioToolbox.framework */,
				9CE714F821934C78006527D2 /* Carbon.framework */,
				9CE714F221934C67006527D2 /* Cocoa.framework */,
				9CE714EC21934C56006527D2 /* CoreAudio.framework */,
				9CE714F621934C72006527D2 /* CoreFoundation.framework */,
				9CE714F021934C62006527D2 /* CoreVideo.framework */,
				9CE714FA21934C80006527D2 /* ForceFeedback.framework */,
				9CE714F421934C6B006527D2 /* IOKit.framework */,
				8FA0E80A27E505C9008FAC71 /* libcrypto.a */,
				8F40284D27C94E1A0095D637 /* libiconv.2.4.0.tbd */,
				9C35EC412193553A00FD4FE8 /* libiconv.tbd */,
				8F82234C27E23A9A006FE332 /* libmetal.a */,
				8F82235427E265A3006FE332 /* libopenjp2.a */,
				8F82235A27E27D6F006FE332 /* libspeex.a */,
				8FA0E80B27E505C9008FAC71 /* libssl.a */,
				8F82233527E0B3F6006FE332 /* libtarbz2.a */,
				8FF7AF0327EE5A75006F8E38 /* libvorbis.a */,
				8F82235827E27BD3006FE332 /* libvpx.a */,
				8F82235627E27A31006FE332 /* libX11.a */,
				8F82234E27E25232006FE332 /* libx264.a */,
				8FA0E81127E6127B008FAC71 /* libXau.a */,
				8F82234627E2281E006FE332 /* libxcb-all.a */,
				8F82235227E25DFA006FE332 /* libXdmcp.a */,
				8F82234A27E22F37006FE332 /* libz.a */,
				9CE714EA21934C51006527D2 /* Metal.framework */,
				9CE714EE21934C5D006527D2 /* QuartzCore.framework */,
			);
			name = Frameworks;
			sourceTree = "<group>";
		};
/* End PBXGroup section */

/* Begin PBXHeadersBuildPhase section */
		8F4028C727CFBD550095D637 /* Headers */ = {
			isa = PBXHeadersBuildPhase;
			buildActionMask = 2147483647;
			files = (
				8F0AA8E627E8BD12007361B5 /* libtar_listhash.h in Headers */,
				8F0AA8E727E8BD19007361B5 /* libtar.h in Headers */,
			);
			runOnlyForDeploymentPostprocessing = 0;
		};
		9C169A832193E8FC0044126F /* Headers */ = {
			isa = PBXHeadersBuildPhase;
			buildActionMask = 2147483647;
			files = (
				8FF61CBB27EE521900516C4B /* openjpeg.h in Headers */,
				8FF61CBA27EE521900516C4B /* opj_stdint.h in Headers */,
				8FF61CB927EE521900516C4B /* opj_config.h in Headers */,
				8FF6E4F127DA0D1200F4BA9F /* main.pch in Headers */,
			);
			runOnlyForDeploymentPostprocessing = 0;
		};
/* End PBXHeadersBuildPhase section */

/* Begin PBXNativeTarget section */
		9C169A862193E8FC0044126F /* FFmpeg */ = {
			isa = PBXNativeTarget;
			buildConfigurationList = 9C169A8F2193E8FC0044126F /* Build configuration list for PBXNativeTarget "FFmpeg" */;
			buildPhases = (
				9C169A832193E8FC0044126F /* Headers */,
				9C169A842193E8FC0044126F /* Sources */,
				9C169A852193E8FC0044126F /* Frameworks */,
				517DD8A25304BB3191E84F29 /* Finish Script */,
			);
			buildRules = (
			);
			dependencies = (
			);
			name = FFmpeg;
			productName = FFmpeg;
			productReference = 9C169A872193E8FC0044126F /* libFFmpeg.a */;
			productType = "com.apple.product-type.library.static";
		};
		9C993F7F2193DAD0003761DB /* installer */ = {
			isa = PBXNativeTarget;
			buildConfigurationList = 9C993F862193DAD0003761DB /* Build configuration list for PBXNativeTarget "installer" */;
			buildPhases = (
				8F4028C727CFBD550095D637 /* Headers */,
				9C993F7C2193DAD0003761DB /* Sources */,
				9C993F7D2193DAD0003761DB /* Frameworks */,
				9C993F7E2193DAD0003761DB /* CopyFiles */,
				8FF7AF1427EE5C67006F8E38 /* Embed Frameworks */,
			);
			buildRules = (
			);
			dependencies = (
			);
			name = installer;
			productName = "build-1";
			productReference = 9C993F802193DAD0003761DB /* installer */;
			productType = "com.apple.product-type.tool";
		};
/* End PBXNativeTarget section */

/* Begin PBXProject section */
		9CD550BF219337510075012A /* Project object */ = {
			isa = PBXProject;
			attributes = {
				LastUpgradeCheck = 1320;
				ORGANIZATIONNAME = Single;
				TargetAttributes = {
					9C169A862193E8FC0044126F = {
						CreatedOnToolsVersion = 10.0;
					};
					9C993F7F2193DAD0003761DB = {
						CreatedOnToolsVersion = 10.0;
					};
				};
			};
			buildConfigurationList = 9CD550C2219337510075012A /* Build configuration list for PBXProject "FFmpeg" */;
			compatibilityVersion = "Xcode 12.0";
			developmentRegion = en;
			hasScannedForEncodings = 0;
			knownRegions = (
				en,
				Base,
			);
			mainGroup = 9CD550BE219337510075012A;
			productRefGroup = 9CD550C8219337510075012A /* Products */;
			projectDirPath = "";
			projectRoot = "";
			targets = (
				9C993F7F2193DAD0003761DB /* installer */,
				9C169A862193E8FC0044126F /* FFmpeg */,
			);
		};
/* End PBXProject section */

/* Begin PBXShellScriptBuildPhase section */
		517DD8A25304BB3191E84F29 /* Finish Script */ = {
			isa = PBXShellScriptBuildPhase;
			buildActionMask = 2147483647;
			files = (
			);
			inputPaths = (
			);
			name = "Finish Script";
			outputPaths = (
			);
			runOnlyForDeploymentPostprocessing = 0;
			shellPath = /bin/sh;
			shellScript = "osascript -e 'tell application \"Terminal\"\n\tif not (exists window 1) then reopen\n\tactivate\n\ttell window 1 to do script \"/Users/pe/classeur/developer/github/FFmpeg-Library-Builder/Debug/installer --finish '$BUILT_PRODUCTS_DIR'\"\nend tell'\n";
		};
/* End PBXShellScriptBuildPhase section */

/* Begin PBXSourcesBuildPhase section */
		9C169A842193E8FC0044126F /* Sources */ = {
			isa = PBXSourcesBuildPhase;
			buildActionMask = 2147483647;
			files = (
				8F826EB327D686400050533D /* metal_patch.c in Sources */,
			);
			runOnlyForDeploymentPostprocessing = 0;
		};
		9C993F7C2193DAD0003761DB /* Sources */ = {
			isa = PBXSourcesBuildPhase;
			buildActionMask = 2147483647;
			files = (
				9C993F932193DB20003761DB /* main.m in Sources */,
				8F40285827C974670095D637 /* MCXInstaller.m in Sources */,
			);
			runOnlyForDeploymentPostprocessing = 0;
		};
/* End PBXSourcesBuildPhase section */

/* Begin XCBuildConfiguration section */
		9C169A8D2193E8FC0044126F /* Debug */ = {
			isa = XCBuildConfiguration;
			buildSettings = {
				CLANG_ALLOW_NON_MODULAR_INCLUDES_IN_FRAMEWORK_MODULES = YES;
				CLANG_ENABLE_OBJC_ARC = NO;
				CODE_SIGN_STYLE = Automatic;
				EXECUTABLE_PREFIX = lib;
				GCC_PREFIX_HEADER = "$(SRCROOT)/Installer/main.pch";
				HEADER_SEARCH_PATHS = (
					"\"$(SRCROOT)/FFmpeg\"",
					"\"$(SRCROOT)/include\"/**",
				);
				LIBRARY_SEARCH_PATHS = (
					"$(PROJECT_DIR)/**",
					"$(PROJECT_DIR)/libs",
				);
				OTHER_CFLAGS = "-I$(SRCROOT)/include";
				OTHER_LDFLAGS = (
					"-deep",
					"-export-all-symbols",
				);
				PRODUCT_NAME = "$(TARGET_NAME)";
				SKIP_INSTALL = YES;
				SYSTEM_HEADER_SEARCH_PATHS = "";
			};
			name = Debug;
		};
		9C169A8E2193E8FC0044126F /* Release */ = {
			isa = XCBuildConfiguration;
			buildSettings = {
				CLANG_ALLOW_NON_MODULAR_INCLUDES_IN_FRAMEWORK_MODULES = YES;
				CLANG_ENABLE_OBJC_ARC = NO;
				CODE_SIGN_STYLE = Automatic;
				EXECUTABLE_PREFIX = lib;
				GCC_PREFIX_HEADER = "$(SRCROOT)/Installer/main.pch";
				HEADER_SEARCH_PATHS = (
					"\"$(SRCROOT)/FFmpeg\"",
					"\"$(SRCROOT)/include\"/**",
				);
				LIBRARY_SEARCH_PATHS = (
					"$(PROJECT_DIR)/**",
					"$(PROJECT_DIR)/libs",
				);
				OTHER_CFLAGS = "-I$(SRCROOT)/include";
				OTHER_LDFLAGS = (
					"-deep",
					"-export-all-symbols",
				);
				PRODUCT_NAME = "$(TARGET_NAME)";
				SKIP_INSTALL = YES;
				SYSTEM_HEADER_SEARCH_PATHS = "";
			};
			name = Release;
		};
		9C993F842193DAD0003761DB /* Debug */ = {
			isa = XCBuildConfiguration;
			buildSettings = {
				CODE_SIGN_ENTITLEMENTS = installer/installer.entitlements;
				CODE_SIGN_IDENTITY = "Apple Development";
				CODE_SIGN_STYLE = Automatic;
				DEVELOPMENT_TEAM = KRCLQDE7R7;
				ENABLE_HARDENED_RUNTIME = YES;
				FRAMEWORK_SEARCH_PATHS = (
					"$(inherited)/**",
					"$(PROJECT_DIR)/**",
					"$(PROJECT_DIR)",
				);
				HEADER_SEARCH_PATHS = "";
				LD_RUNPATH_SEARCH_PATHS = (
					"$(BUILT_PRODUCTS_DIR)",
					"$(PRODUCT_DIR)",
					"$(inherited)",
				);
				LIBRARY_SEARCH_PATHS = (
					"$(inherited)",
					"$(PROJECT_DIR)",
					"$(PROJECT_DIR)/libs",
				);
				MACOSX_DEPLOYMENT_TARGET = 10.15;
				OTHER_CFLAGS = (
					"-DPROJECT_SRC_DIR=\\\"$(SRCROOT)\\\"",
					"-DBUILT_PRODUCTS_DIR=\\\"$(BUILT_PRODUCTS_DIR)\\\"",
				);
				PRODUCT_BUNDLE_IDENTIFIER = ffmpeginstaller.com.macaplix;
				PRODUCT_NAME = "$(TARGET_NAME)";
				PROVISIONING_PROFILE_SPECIFIER = "";
			};
			name = Debug;
		};
		9C993F852193DAD0003761DB /* Release */ = {
			isa = XCBuildConfiguration;
			buildSettings = {
				CODE_SIGN_ENTITLEMENTS = installer/installer.entitlements;
				CODE_SIGN_IDENTITY = "Apple Development";
				CODE_SIGN_STYLE = Automatic;
				DEVELOPMENT_TEAM = KRCLQDE7R7;
				ENABLE_HARDENED_RUNTIME = YES;
				FRAMEWORK_SEARCH_PATHS = (
					"$(inherited)/**",
					"$(PROJECT_DIR)/**",
					"$(PROJECT_DIR)",
				);
				HEADER_SEARCH_PATHS = "";
				LD_RUNPATH_SEARCH_PATHS = (
					"$(BUILT_PRODUCTS_DIR)",
					"$(PRODUCT_DIR)",
					"$(inherited)",
				);
				LIBRARY_SEARCH_PATHS = (
					"$(inherited)",
					"$(PROJECT_DIR)",
					"$(PROJECT_DIR)/libs",
				);
				MACOSX_DEPLOYMENT_TARGET = 10.15;
				OTHER_CFLAGS = (
					"-DPROJECT_SRC_DIR=\\\"$(SRCROOT)\\\"",
					"-DBUILT_PRODUCTS_DIR=\\\"$(BUILT_PRODUCTS_DIR)\\\"",
				);
				PRODUCT_BUNDLE_IDENTIFIER = ffmpeginstaller.com.macaplix;
				PRODUCT_NAME = "$(TARGET_NAME)";
				PROVISIONING_PROFILE_SPECIFIER = "";
			};
			name = Release;
		};
		9CD550CC219337510075012A /* Debug */ = {
			isa = XCBuildConfiguration;
			buildSettings = {
				ALWAYS_SEARCH_USER_PATHS = NO;
				CLANG_ANALYZER_NONNULL = YES;
				CLANG_ANALYZER_NUMBER_OBJECT_CONVERSION = YES_AGGRESSIVE;
				CLANG_CXX_LANGUAGE_STANDARD = "gnu++14";
				CLANG_CXX_LIBRARY = "libc++";
				CLANG_ENABLE_MODULES = YES;
				CLANG_ENABLE_OBJC_ARC = YES;
				CLANG_ENABLE_OBJC_WEAK = YES;
				CLANG_WARN_BLOCK_CAPTURE_AUTORELEASING = YES;
				CLANG_WARN_BOOL_CONVERSION = YES;
				CLANG_WARN_COMMA = YES;
				CLANG_WARN_CONSTANT_CONVERSION = YES;
				CLANG_WARN_DEPRECATED_OBJC_IMPLEMENTATIONS = YES;
				CLANG_WARN_DIRECT_OBJC_ISA_USAGE = YES_ERROR;
				CLANG_WARN_DOCUMENTATION_COMMENTS = YES;
				CLANG_WARN_EMPTY_BODY = YES;
				CLANG_WARN_ENUM_CONVERSION = YES;
				CLANG_WARN_INFINITE_RECURSION = YES;
				CLANG_WARN_INT_CONVERSION = YES;
				CLANG_WARN_NON_LITERAL_NULL_CONVERSION = YES;
				CLANG_WARN_OBJC_IMPLICIT_RETAIN_SELF = YES;
				CLANG_WARN_OBJC_LITERAL_CONVERSION = YES;
				CLANG_WARN_OBJC_ROOT_CLASS = YES_ERROR;
				CLANG_WARN_QUOTED_INCLUDE_IN_FRAMEWORK_HEADER = YES;
				CLANG_WARN_RANGE_LOOP_ANALYSIS = YES;
				CLANG_WARN_STRICT_PROTOTYPES = YES;
				CLANG_WARN_SUSPICIOUS_MOVE = YES;
				CLANG_WARN_UNGUARDED_AVAILABILITY = YES_AGGRESSIVE;
				CLANG_WARN_UNREACHABLE_CODE = YES;
				CLANG_WARN__DUPLICATE_METHOD_MATCH = YES;
				CODE_SIGN_IDENTITY = "-";
				COPY_PHASE_STRIP = NO;
				DEBUG_INFORMATION_FORMAT = dwarf;
				ENABLE_STRICT_OBJC_MSGSEND = YES;
				ENABLE_TESTABILITY = YES;
				GCC_C_LANGUAGE_STANDARD = gnu11;
				GCC_DYNAMIC_NO_PIC = NO;
				GCC_NO_COMMON_BLOCKS = YES;
				GCC_OPTIMIZATION_LEVEL = 0;
				GCC_PREPROCESSOR_DEFINITIONS = (
					"DEBUG=1",
					"$(inherited)",
				);
				GCC_WARN_64_TO_32_BIT_CONVERSION = YES;
				GCC_WARN_ABOUT_RETURN_TYPE = YES_ERROR;
				GCC_WARN_UNDECLARED_SELECTOR = YES;
				GCC_WARN_UNINITIALIZED_AUTOS = YES_AGGRESSIVE;
				GCC_WARN_UNUSED_FUNCTION = YES;
				GCC_WARN_UNUSED_VARIABLE = YES;
				MACOSX_DEPLOYMENT_TARGET = 10.15;
				MTL_ENABLE_DEBUG_INFO = INCLUDE_SOURCE;
				MTL_FAST_MATH = YES;
				ONLY_ACTIVE_ARCH = YES;
				SDKROOT = macosx;
			};
			name = Debug;
		};
		9CD550CD219337510075012A /* Release */ = {
			isa = XCBuildConfiguration;
			buildSettings = {
				ALWAYS_SEARCH_USER_PATHS = NO;
				CLANG_ANALYZER_NONNULL = YES;
				CLANG_ANALYZER_NUMBER_OBJECT_CONVERSION = YES_AGGRESSIVE;
				CLANG_CXX_LANGUAGE_STANDARD = "gnu++14";
				CLANG_CXX_LIBRARY = "libc++";
				CLANG_ENABLE_MODULES = YES;
				CLANG_ENABLE_OBJC_ARC = YES;
				CLANG_ENABLE_OBJC_WEAK = YES;
				CLANG_WARN_BLOCK_CAPTURE_AUTORELEASING = YES;
				CLANG_WARN_BOOL_CONVERSION = YES;
				CLANG_WARN_COMMA = YES;
				CLANG_WARN_CONSTANT_CONVERSION = YES;
				CLANG_WARN_DEPRECATED_OBJC_IMPLEMENTATIONS = YES;
				CLANG_WARN_DIRECT_OBJC_ISA_USAGE = YES_ERROR;
				CLANG_WARN_DOCUMENTATION_COMMENTS = YES;
				CLANG_WARN_EMPTY_BODY = YES;
				CLANG_WARN_ENUM_CONVERSION = YES;
				CLANG_WARN_INFINITE_RECURSION = YES;
				CLANG_WARN_INT_CONVERSION = YES;
				CLANG_WARN_NON_LITERAL_NULL_CONVERSION = YES;
				CLANG_WARN_OBJC_IMPLICIT_RETAIN_SELF = YES;
				CLANG_WARN_OBJC_LITERAL_CONVERSION = YES;
				CLANG_WARN_OBJC_ROOT_CLASS = YES_ERROR;
				CLANG_WARN_QUOTED_INCLUDE_IN_FRAMEWORK_HEADER = YES;
				CLANG_WARN_RANGE_LOOP_ANALYSIS = YES;
				CLANG_WARN_STRICT_PROTOTYPES = YES;
				CLANG_WARN_SUSPICIOUS_MOVE = YES;
				CLANG_WARN_UNGUARDED_AVAILABILITY = YES_AGGRESSIVE;
				CLANG_WARN_UNREACHABLE_CODE = YES;
				CLANG_WARN__DUPLICATE_METHOD_MATCH = YES;
				CODE_SIGN_IDENTITY = "-";
				COPY_PHASE_STRIP = NO;
				DEBUG_INFORMATION_FORMAT = "dwarf-with-dsym";
				ENABLE_NS_ASSERTIONS = NO;
				ENABLE_STRICT_OBJC_MSGSEND = YES;
				GCC_C_LANGUAGE_STANDARD = gnu11;
				GCC_NO_COMMON_BLOCKS = YES;
				GCC_WARN_64_TO_32_BIT_CONVERSION = YES;
				GCC_WARN_ABOUT_RETURN_TYPE = YES_ERROR;
				GCC_WARN_UNDECLARED_SELECTOR = YES;
				GCC_WARN_UNINITIALIZED_AUTOS = YES_AGGRESSIVE;
				GCC_WARN_UNUSED_FUNCTION = YES;
				GCC_WARN_UNUSED_VARIABLE = YES;
				MACOSX_DEPLOYMENT_TARGET = 10.15;
				MTL_ENABLE_DEBUG_INFO = NO;
				MTL_FAST_MATH = YES;
				SDKROOT = macosx;
			};
			name = Release;
		};
/* End XCBuildConfiguration section */

/* Begin XCConfigurationList section */
		9C169A8F2193E8FC0044126F /* Build configuration list for PBXNativeTarget "FFmpeg" */ = {
			isa = XCConfigurationList;
			buildConfigurations = (
				9C169A8D2193E8FC0044126F /* Debug */,
				9C169A8E2193E8FC0044126F /* Release */,
			);
			defaultConfigurationIsVisible = 0;
			defaultConfigurationName = Release;
		};
		9C993F862193DAD0003761DB /* Build configuration list for PBXNativeTarget "installer" */ = {
			isa = XCConfigurationList;
			buildConfigurations = (
				9C993F842193DAD0003761DB /* Debug */,
				9C993F852193DAD0003761DB /* Release */,
			);
			defaultConfigurationIsVisible = 0;
			defaultConfigurationName = Release;
		};
		9CD550C2219337510075012A /* Build configuration list for PBXProject "FFmpeg" */ = {
			isa = XCConfigurationList;
			buildConfigurations = (
				9CD550CC219337510075012A /* Debug */,
				9CD550CD219337510075012A /* Release */,
			);
			defaultConfigurationIsVisible = 0;
			defaultConfigurationName = Release;
		};
/* End XCConfigurationList section */
	};
	rootObject = 9CD550BF219337510075012A /* Project object */;
}
